
Microsoft Visual Studio Solution File, Format Version 12.00
# Visual Studio Version 17
VisualStudioVersion = 17.0.31903.59
MinimumVisualStudioVersion = 10.0.40219.1
Project("{FAE04EC0-301F-11D3-BF4B-00C04F79EFBC}") = "H_PrivateMethod", "H_PrivateMethod\H_PrivateMethod.csproj", "{61119CED-7F78-473F-9DB1-B8B603830988}"
EndProject
Project("{FAE04EC0-301F-11D3-BF4B-00C04F79EFBC}") = "Dumper", "Dumper\Dumper.csproj", "{7F3C35E8-953F-4595-9315-22678A976B6B}"
EndProject
Project("{FAE04EC0-301F-11D3-BF4B-00C04F79EFBC}") = "B_Generic2", "B_Generic2\B_Generic2.csproj", "{AFF49A32-E8CE-497E-9B16-D2E8B6FAC145}"
EndProject
Project("{FAE04EC0-301F-11D3-BF4B-00C04F79EFBC}") = "A_Generic", "A_Generic\A_Generic.csproj", "{71974A82-89CE-42F1-B35C-74F65B5A4815}"
EndProject
Project("{FAE04EC0-301F-11D3-BF4B-00C04F79EFBC}") = "C_GenericConstraint", "C_GenericConstraint\C_GenericConstraint.csproj", "{998D9EC6-C465-4FA6-98F9-5CEAC80E2A4D}"
EndProject
Project("{FAE04EC0-301F-11D3-BF4B-00C04F79EFBC}") = "H_MulticastDelegate", "H_MulticastDelegate\H_MulticastDelegate.csproj", "{7F06DED1-DAB0-4D59-8718-98294FC5591B}"
EndProject
Project("{FAE04EC0-301F-11D3-BF4B-00C04F79EFBC}") = "I_DelegateWithReturnValue", "I_DelegateWithReturnValue\I_DelegateWithReturnValue.csproj", "{E2BF3D29-E02C-45EE-A09E-735B73A543CB}"
EndProject
Project("{FAE04EC0-301F-11D3-BF4B-00C04F79EFBC}") = "J_CatchDelegateWithReturn", "J_CatchDelegateWithReturn\J_CatchDelegateWithReturn.csproj", "{1294D856-6766-4D72-8EFB-57D7D8F40CAB}"
EndProject
Project("{FAE04EC0-301F-11D3-BF4B-00C04F79EFBC}") = "GameController", "GameController\GameController.csproj", "{A960C383-1808-4167-BB20-5ACFB535008C}"
EndProject
Project("{FAE04EC0-301F-11D3-BF4B-00C04F79EFBC}") = "A_ConditionalCOmpilation", "A_ConditionalCOmpilation\A_ConditionalCOmpilation.csproj", "{C20C0AE5-695C-439A-9093-D29A92CF633E}"
EndProject
Project("{FAE04EC0-301F-11D3-BF4B-00C04F79EFBC}") = "D_DebuggerTutorial", "D_DebuggerTutorial\D_DebuggerTutorial.csproj", "{9C752E9B-712A-47F0-9320-88CE99B45A9B}"
EndProject
Project("{FAE04EC0-301F-11D3-BF4B-00C04F79EFBC}") = "F_DebugAndTrace", "F_DebugAndTrace\F_DebugAndTrace.csproj", "{96C71883-FB6E-49BA-B500-94A0D3225A3F}"
EndProject
Project("{FAE04EC0-301F-11D3-BF4B-00C04F79EFBC}") = "G_DebugAndTrace2", "G_DebugAndTrace2\G_DebugAndTrace2.csproj", "{2F7FB7CA-13D2-453A-A783-A057F312BFEE}"
EndProject
Project("{FAE04EC0-301F-11D3-BF4B-00C04F79EFBC}") = "H_ConsoleTraceListeners", "H_ConsoleTraceListeners\H_ConsoleTraceListeners.csproj", "{324288E9-D44B-46DF-8A9B-07DE1E89BBCB}"
EndProject
Project("{FAE04EC0-301F-11D3-BF4B-00C04F79EFBC}") = "I_TraceListeners", "I_TraceListeners\I_TraceListeners.csproj", "{C9A695F9-61F8-439C-BAF1-40A325F5722D}"
EndProject
Global
	GlobalSection(SolutionConfigurationPlatforms) = preSolution
		Debug|Any CPU = Debug|Any CPU
		Release|Any CPU = Release|Any CPU
	EndGlobalSection
	GlobalSection(SolutionProperties) = preSolution
		HideSolutionNode = FALSE
	EndGlobalSection
	GlobalSection(ProjectConfigurationPlatforms) = postSolution
		{61119CED-7F78-473F-9DB1-B8B603830988}.Debug|Any CPU.ActiveCfg = Debug|Any CPU
		{61119CED-7F78-473F-9DB1-B8B603830988}.Debug|Any CPU.Build.0 = Debug|Any CPU
		{61119CED-7F78-473F-9DB1-B8B603830988}.Release|Any CPU.ActiveCfg = Release|Any CPU
		{61119CED-7F78-473F-9DB1-B8B603830988}.Release|Any CPU.Build.0 = Release|Any CPU
		{7F3C35E8-953F-4595-9315-22678A976B6B}.Debug|Any CPU.ActiveCfg = Debug|Any CPU
		{7F3C35E8-953F-4595-9315-22678A976B6B}.Debug|Any CPU.Build.0 = Debug|Any CPU
		{7F3C35E8-953F-4595-9315-22678A976B6B}.Release|Any CPU.ActiveCfg = Release|Any CPU
		{7F3C35E8-953F-4595-9315-22678A976B6B}.Release|Any CPU.Build.0 = Release|Any CPU
		{AFF49A32-E8CE-497E-9B16-D2E8B6FAC145}.Debug|Any CPU.ActiveCfg = Debug|Any CPU
		{AFF49A32-E8CE-497E-9B16-D2E8B6FAC145}.Debug|Any CPU.Build.0 = Debug|Any CPU
		{AFF49A32-E8CE-497E-9B16-D2E8B6FAC145}.Release|Any CPU.ActiveCfg = Release|Any CPU
		{AFF49A32-E8CE-497E-9B16-D2E8B6FAC145}.Release|Any CPU.Build.0 = Release|Any CPU
		{71974A82-89CE-42F1-B35C-74F65B5A4815}.Debug|Any CPU.ActiveCfg = Debug|Any CPU
		{71974A82-89CE-42F1-B35C-74F65B5A4815}.Debug|Any CPU.Build.0 = Debug|Any CPU
		{71974A82-89CE-42F1-B35C-74F65B5A4815}.Release|Any CPU.ActiveCfg = Release|Any CPU
		{71974A82-89CE-42F1-B35C-74F65B5A4815}.Release|Any CPU.Build.0 = Release|Any CPU
		{998D9EC6-C465-4FA6-98F9-5CEAC80E2A4D}.Debug|Any CPU.ActiveCfg = Debug|Any CPU
		{998D9EC6-C465-4FA6-98F9-5CEAC80E2A4D}.Debug|Any CPU.Build.0 = Debug|Any CPU
		{998D9EC6-C465-4FA6-98F9-5CEAC80E2A4D}.Release|Any CPU.ActiveCfg = Release|Any CPU
		{998D9EC6-C465-4FA6-98F9-5CEAC80E2A4D}.Release|Any CPU.Build.0 = Release|Any CPU
		{7F06DED1-DAB0-4D59-8718-98294FC5591B}.Debug|Any CPU.ActiveCfg = Debug|Any CPU
		{7F06DED1-DAB0-4D59-8718-98294FC5591B}.Debug|Any CPU.Build.0 = Debug|Any CPU
		{7F06DED1-DAB0-4D59-8718-98294FC5591B}.Release|Any CPU.ActiveCfg = Release|Any CPU
		{7F06DED1-DAB0-4D59-8718-98294FC5591B}.Release|Any CPU.Build.0 = Release|Any CPU
		{E2BF3D29-E02C-45EE-A09E-735B73A543CB}.Debug|Any CPU.ActiveCfg = Debug|Any CPU
		{E2BF3D29-E02C-45EE-A09E-735B73A543CB}.Debug|Any CPU.Build.0 = Debug|Any CPU
		{E2BF3D29-E02C-45EE-A09E-735B73A543CB}.Release|Any CPU.ActiveCfg = Release|Any CPU
		{E2BF3D29-E02C-45EE-A09E-735B73A543CB}.Release|Any CPU.Build.0 = Release|Any CPU
		{1294D856-6766-4D72-8EFB-57D7D8F40CAB}.Debug|Any CPU.ActiveCfg = Debug|Any CPU
		{1294D856-6766-4D72-8EFB-57D7D8F40CAB}.Debug|Any CPU.Build.0 = Debug|Any CPU
		{1294D856-6766-4D72-8EFB-57D7D8F40CAB}.Release|Any CPU.ActiveCfg = Release|Any CPU
		{1294D856-6766-4D72-8EFB-57D7D8F40CAB}.Release|Any CPU.Build.0 = Release|Any CPU
		{A960C383-1808-4167-BB20-5ACFB535008C}.Debug|Any CPU.ActiveCfg = Debug|Any CPU
		{A960C383-1808-4167-BB20-5ACFB535008C}.Debug|Any CPU.Build.0 = Debug|Any CPU
		{A960C383-1808-4167-BB20-5ACFB535008C}.Release|Any CPU.ActiveCfg = Release|Any CPU
		{A960C383-1808-4167-BB20-5ACFB535008C}.Release|Any CPU.Build.0 = Release|Any CPU
		{C20C0AE5-695C-439A-9093-D29A92CF633E}.Debug|Any CPU.ActiveCfg = Debug|Any CPU
		{C20C0AE5-695C-439A-9093-D29A92CF633E}.Debug|Any CPU.Build.0 = Debug|Any CPU
		{C20C0AE5-695C-439A-9093-D29A92CF633E}.Release|Any CPU.ActiveCfg = Release|Any CPU
		{C20C0AE5-695C-439A-9093-D29A92CF633E}.Release|Any CPU.Build.0 = Release|Any CPU
		{9C752E9B-712A-47F0-9320-88CE99B45A9B}.Debug|Any CPU.ActiveCfg = Debug|Any CPU
		{9C752E9B-712A-47F0-9320-88CE99B45A9B}.Debug|Any CPU.Build.0 = Debug|Any CPU
		{9C752E9B-712A-47F0-9320-88CE99B45A9B}.Release|Any CPU.ActiveCfg = Release|Any CPU
		{9C752E9B-712A-47F0-9320-88CE99B45A9B}.Release|Any CPU.Build.0 = Release|Any CPU
		{96C71883-FB6E-49BA-B500-94A0D3225A3F}.Debug|Any CPU.ActiveCfg = Debug|Any CPU
		{96C71883-FB6E-49BA-B500-94A0D3225A3F}.Debug|Any CPU.Build.0 = Debug|Any CPU
		{96C71883-FB6E-49BA-B500-94A0D3225A3F}.Release|Any CPU.ActiveCfg = Release|Any CPU
		{96C71883-FB6E-49BA-B500-94A0D3225A3F}.Release|Any CPU.Build.0 = Release|Any CPU
		{2F7FB7CA-13D2-453A-A783-A057F312BFEE}.Debug|Any CPU.ActiveCfg = Debug|Any CPU
		{2F7FB7CA-13D2-453A-A783-A057F312BFEE}.Debug|Any CPU.Build.0 = Debug|Any CPU
		{2F7FB7CA-13D2-453A-A783-A057F312BFEE}.Release|Any CPU.ActiveCfg = Release|Any CPU
		{2F7FB7CA-13D2-453A-A783-A057F312BFEE}.Release|Any CPU.Build.0 = Release|Any CPU
		{324288E9-D44B-46DF-8A9B-07DE1E89BBCB}.Debug|Any CPU.ActiveCfg = Debug|Any CPU
		{324288E9-D44B-46DF-8A9B-07DE1E89BBCB}.Debug|Any CPU.Build.0 = Debug|Any CPU
		{324288E9-D44B-46DF-8A9B-07DE1E89BBCB}.Release|Any CPU.ActiveCfg = Release|Any CPU
		{324288E9-D44B-46DF-8A9B-07DE1E89BBCB}.Release|Any CPU.Build.0 = Release|Any CPU
		{C9A695F9-61F8-439C-BAF1-40A325F5722D}.Debug|Any CPU.ActiveCfg = Debug|Any CPU
		{C9A695F9-61F8-439C-BAF1-40A325F5722D}.Debug|Any CPU.Build.0 = Debug|Any CPU
		{C9A695F9-61F8-439C-BAF1-40A325F5722D}.Release|Any CPU.ActiveCfg = Release|Any CPU
		{C9A695F9-61F8-439C-BAF1-40A325F5722D}.Release|Any CPU.Build.0 = Release|Any CPU
	EndGlobalSection
EndGlobal
