
Microsoft Visual Studio Solution File, Format Version 12.00
# Visual Studio Version 17
VisualStudioVersion = 17.0.31903.59
MinimumVisualStudioVersion = 10.0.40219.1
Project("{FAE04EC0-301F-11D3-BF4B-00C04F79EFBC}") = "H_PrivateMethod", "H_PrivateMethod\H_PrivateMethod.csproj", "{61119CED-7F78-473F-9DB1-B8B603830988}"
EndProject
Project("{FAE04EC0-301F-11D3-BF4B-00C04F79EFBC}") = "Dumper", "Dumper\Dumper.csproj", "{7F3C35E8-953F-4595-9315-22678A976B6B}"
EndProject
Project("{FAE04EC0-301F-11D3-BF4B-00C04F79EFBC}") = "B_Generic2", "B_Generic2\B_Generic2.csproj", "{AFF49A32-E8CE-497E-9B16-D2E8B6FAC145}"
EndProject
Project("{FAE04EC0-301F-11D3-BF4B-00C04F79EFBC}") = "A_Generic", "A_Generic\A_Generic.csproj", "{71974A82-89CE-42F1-B35C-74F65B5A4815}"
EndProject
Project("{FAE04EC0-301F-11D3-BF4B-00C04F79EFBC}") = "C_GenericConstraint", "C_GenericConstraint\C_GenericConstraint.csproj", "{998D9EC6-C465-4FA6-98F9-5CEAC80E2A4D}"
EndProject
Project("{FAE04EC0-301F-11D3-BF4B-00C04F79EFBC}") = "H_MulticastDelegate", "H_MulticastDelegate\H_MulticastDelegate.csproj", "{7F06DED1-DAB0-4D59-8718-98294FC5591B}"
EndProject
Project("{FAE04EC0-301F-11D3-BF4B-00C04F79EFBC}") = "I_DelegateWithReturnValue", "I_DelegateWithReturnValue\I_DelegateWithReturnValue.csproj", "{E2BF3D29-E02C-45EE-A09E-735B73A543CB}"
EndProject
Project("{FAE04EC0-301F-11D3-BF4B-00C04F79EFBC}") = "J_CatchDelegateWithReturn", "J_CatchDelegateWithReturn\J_CatchDelegateWithReturn.csproj", "{1294D856-6766-4D72-8EFB-57D7D8F40CAB}"
EndProject
Project("{FAE04EC0-301F-11D3-BF4B-00C04F79EFBC}") = "GameController", "GameController\GameController.csproj", "{A960C383-1808-4167-BB20-5ACFB535008C}"
EndProject
Project("{FAE04EC0-301F-11D3-BF4B-00C04F79EFBC}") = "ThreadvsTaskvsAsyncAwait", "ThreadvsTaskvsAsyncAwait\ThreadvsTaskvsAsyncAwait.csproj", "{2868025D-6634-4671-B936-1599A85DA864}"
EndProject
Project("{FAE04EC0-301F-11D3-BF4B-00C04F79EFBC}") = "AsynchronousSynchronous", "AsynchronousSynchronous\AsynchronousSynchronous.csproj", "{323AFE34-AC6B-4447-9F27-B1C5ECAAE8C7}"
EndProject
Project("{FAE04EC0-301F-11D3-BF4B-00C04F79EFBC}") = "CompareThreadSleepandAsync", "CompareThreadSleepandAsync\CompareThreadSleepandAsync.csproj", "{DFE4FE0C-3ED4-4C24-92EA-7A92B0AAC0C4}"
EndProject
Project("{FAE04EC0-301F-11D3-BF4B-00C04F79EFBC}") = "I_TaskCreation", "I_TaskCreation\I_TaskCreation.csproj", "{5568F303-AC34-4AC4-B5ED-91B218F8BD69}"
EndProject
Project("{FAE04EC0-301F-11D3-BF4B-00C04F79EFBC}") = "00WithCancellationToken", "00WithCancellationToken\00WithCancellationToken.csproj", "{BB090101-AB58-456F-9D4D-F1C76305A2CC}"
EndProject
Project("{FAE04EC0-301F-11D3-BF4B-00C04F79EFBC}") = "00WithoutCancellationToken", "00WithoutCancellationToken\00WithoutCancellationToken.csproj", "{05D4FDF0-F36B-48CE-9E01-A26EBA3B42FC}"
EndProject
Project("{FAE04EC0-301F-11D3-BF4B-00C04F79EFBC}") = "10DeadLock", "10DeadLock\10DeadLock.csproj", "{A56D22BA-CDEA-4AC7-97DB-0D06FBC8A10D}"
EndProject
Project("{FAE04EC0-301F-11D3-BF4B-00C04F79EFBC}") = "11DeadLock", "11DeadLock\11DeadLock.csproj", "{A9A8192A-BC1F-43D0-8A46-8C0E6BAE7EF7}"
EndProject
Project("{FAE04EC0-301F-11D3-BF4B-00C04F79EFBC}") = "00AsyncFile", "00AsyncFile\00AsyncFile.csproj", "{C123F134-1AE0-45CF-906F-00B0FC0D98AA}"
EndProject
Project("{FAE04EC0-301F-11D3-BF4B-00C04F79EFBC}") = "00Binary", "00Binary\00Binary.csproj", "{1BF02245-F8D6-4186-AF72-763F15B5F4E8}"
EndProject
Project("{FAE04EC0-301F-11D3-BF4B-00C04F79EFBC}") = "00Directory", "00Directory\00Directory.csproj", "{835C332A-1FA4-4706-95BD-23B90C55096D}"
EndProject
Project("{FAE04EC0-301F-11D3-BF4B-00C04F79EFBC}") = "00File", "00File\00File.csproj", "{C269134E-2BAE-431A-AF4E-36D3CA02B160}"
EndProject
Project("{FAE04EC0-301F-11D3-BF4B-00C04F79EFBC}") = "00FileStreamBuffer", "00FileStreamBuffer\00FileStreamBuffer.csproj", "{7CFD3F98-073B-4F75-AC60-99DFD291F3FC}"
EndProject
Project("{FAE04EC0-301F-11D3-BF4B-00C04F79EFBC}") = "A_FileStream", "A_FileStream\A_FileStream.csproj", "{0A662009-7D9D-423D-B0A1-19EF1EFA15F4}"
EndProject
Project("{FAE04EC0-301F-11D3-BF4B-00C04F79EFBC}") = "B_FileStreamOpen", "B_FileStreamOpen\B_FileStreamOpen.csproj", "{969B962F-D8BD-4B8B-BBB7-D24D8EC55FF4}"
EndProject
Project("{FAE04EC0-301F-11D3-BF4B-00C04F79EFBC}") = "B_FileStreamWrite", "B_FileStreamWrite\B_FileStreamWrite.csproj", "{1F550225-A922-45C4-B376-4390C7B2652A}"
EndProject
Project("{FAE04EC0-301F-11D3-BF4B-00C04F79EFBC}") = "C_FileStreamReader", "C_FileStreamReader\C_FileStreamReader.csproj", "{490DAE55-CD2E-4CA7-A537-E41224D72491}"
EndProject
Project("{FAE04EC0-301F-11D3-BF4B-00C04F79EFBC}") = "E_StreamWriter", "E_StreamWriter\E_StreamWriter.csproj", "{53F9AFF9-728B-4B1D-971B-4C912960B59B}"
EndProject
Project("{FAE04EC0-301F-11D3-BF4B-00C04F79EFBC}") = "E_StreamWriterUsing", "E_StreamWriterUsing\E_StreamWriterUsing.csproj", "{61D957BB-85DD-4FBB-B342-D3E275EBA0AC}"
EndProject
Project("{FAE04EC0-301F-11D3-BF4B-00C04F79EFBC}") = "F_StreamReader", "F_StreamReader\F_StreamReader.csproj", "{09AD22BC-5432-4FD5-9B9B-9FE1306354BB}"
EndProject
Project("{FAE04EC0-301F-11D3-BF4B-00C04F79EFBC}") = "F_StreamReaderReadToEnd", "F_StreamReaderReadToEnd\F_StreamReaderReadToEnd.csproj", "{72437B89-A886-4DB7-BD61-17BFAB3487D0}"
EndProject
Project("{FAE04EC0-301F-11D3-BF4B-00C04F79EFBC}") = "G_FileInfo", "G_FileInfo\G_FileInfo.csproj", "{191453AF-F895-4B62-BB92-57392B3AFCFD}"
EndProject
Project("{FAE04EC0-301F-11D3-BF4B-00C04F79EFBC}") = "G_FileInfo_Delete", "G_FileInfo_Delete\G_FileInfo_Delete.csproj", "{FFE94827-A853-43F7-8903-9E90EC86A25E}"
EndProject
Project("{FAE04EC0-301F-11D3-BF4B-00C04F79EFBC}") = "G_FileInfoCreateText", "G_FileInfoCreateText\G_FileInfoCreateText.csproj", "{2FE04E13-0822-4132-B68C-6CCC94A7C58C}"
EndProject
Project("{FAE04EC0-301F-11D3-BF4B-00C04F79EFBC}") = "H_FileInformation", "H_FileInformation\H_FileInformation.csproj", "{3C0B09C4-11E0-4CCB-BBBD-7A5A9AA74863}"
EndProject
Project("{FAE04EC0-301F-11D3-BF4B-00C04F79EFBC}") = "OPT_ComparisonFilevsStream", "OPT_ComparisonFilevsStream\OPT_ComparisonFilevsStream.csproj", "{7D90F46C-DA9B-4E9F-B47D-6BC867054069}"
EndProject
Project("{FAE04EC0-301F-11D3-BF4B-00C04F79EFBC}") = "Trial", "Trial\Trial.csproj", "{8C206A55-D926-4A37-A705-D7C263171B4A}"
EndProject
Project("{FAE04EC0-301F-11D3-BF4B-00C04F79EFBC}") = "01_XMLSerialization", "01_XMLSerialization\01_XMLSerialization.csproj", "{DFF7A8E0-2513-4052-8304-E545BDAFC2A5}"
EndProject
Project("{FAE04EC0-301F-11D3-BF4B-00C04F79EFBC}") = "01a_XMLSerialzation", "01a_XMLSerialzation\01a_XMLSerialzation.csproj", "{E18F8ED5-F033-4273-8FFC-7641F1977633}"
EndProject
Project("{FAE04EC0-301F-11D3-BF4B-00C04F79EFBC}") = "02_JSONSerialization", "02_JSONSerialization\02_JSONSerialization.csproj", "{C323D04F-8482-46E1-8333-A8D58F0FD1F4}"
EndProject
Project("{FAE04EC0-301F-11D3-BF4B-00C04F79EFBC}") = "02a_JSONSerialization", "02a_JSONSerialization\02a_JSONSerialization.csproj", "{E4A8F2C2-1A89-4C1F-8265-FE8C312CA59F}"
EndProject
Project("{FAE04EC0-301F-11D3-BF4B-00C04F79EFBC}") = "DataConstact_With_Formatter", "DataConstact_With_Formatter\DataConstact_With_Formatter.csproj", "{1BAAE904-BEE7-408F-8C21-B1249E1006F9}"
EndProject
Project("{FAE04EC0-301F-11D3-BF4B-00C04F79EFBC}") = "DataConstract", "DataConstract\DataConstract.csproj", "{C6B384BB-C043-4555-966C-4B99CE17DD34}"
EndProject
Project("{FAE04EC0-301F-11D3-BF4B-00C04F79EFBC}") = "DictionaryXML", "DictionaryXML\DictionaryXML.csproj", "{3430D132-767E-4FD9-BA80-688857C8AD31}"
EndProject
Global
	GlobalSection(SolutionConfigurationPlatforms) = preSolution
		Debug|Any CPU = Debug|Any CPU
		Release|Any CPU = Release|Any CPU
	EndGlobalSection
	GlobalSection(SolutionProperties) = preSolution
		HideSolutionNode = FALSE
	EndGlobalSection
	GlobalSection(ProjectConfigurationPlatforms) = postSolution
		{61119CED-7F78-473F-9DB1-B8B603830988}.Debug|Any CPU.ActiveCfg = Debug|Any CPU
		{61119CED-7F78-473F-9DB1-B8B603830988}.Debug|Any CPU.Build.0 = Debug|Any CPU
		{61119CED-7F78-473F-9DB1-B8B603830988}.Release|Any CPU.ActiveCfg = Release|Any CPU
		{61119CED-7F78-473F-9DB1-B8B603830988}.Release|Any CPU.Build.0 = Release|Any CPU
		{7F3C35E8-953F-4595-9315-22678A976B6B}.Debug|Any CPU.ActiveCfg = Debug|Any CPU
		{7F3C35E8-953F-4595-9315-22678A976B6B}.Debug|Any CPU.Build.0 = Debug|Any CPU
		{7F3C35E8-953F-4595-9315-22678A976B6B}.Release|Any CPU.ActiveCfg = Release|Any CPU
		{7F3C35E8-953F-4595-9315-22678A976B6B}.Release|Any CPU.Build.0 = Release|Any CPU
		{AFF49A32-E8CE-497E-9B16-D2E8B6FAC145}.Debug|Any CPU.ActiveCfg = Debug|Any CPU
		{AFF49A32-E8CE-497E-9B16-D2E8B6FAC145}.Debug|Any CPU.Build.0 = Debug|Any CPU
		{AFF49A32-E8CE-497E-9B16-D2E8B6FAC145}.Release|Any CPU.ActiveCfg = Release|Any CPU
		{AFF49A32-E8CE-497E-9B16-D2E8B6FAC145}.Release|Any CPU.Build.0 = Release|Any CPU
		{71974A82-89CE-42F1-B35C-74F65B5A4815}.Debug|Any CPU.ActiveCfg = Debug|Any CPU
		{71974A82-89CE-42F1-B35C-74F65B5A4815}.Debug|Any CPU.Build.0 = Debug|Any CPU
		{71974A82-89CE-42F1-B35C-74F65B5A4815}.Release|Any CPU.ActiveCfg = Release|Any CPU
		{71974A82-89CE-42F1-B35C-74F65B5A4815}.Release|Any CPU.Build.0 = Release|Any CPU
		{998D9EC6-C465-4FA6-98F9-5CEAC80E2A4D}.Debug|Any CPU.ActiveCfg = Debug|Any CPU
		{998D9EC6-C465-4FA6-98F9-5CEAC80E2A4D}.Debug|Any CPU.Build.0 = Debug|Any CPU
		{998D9EC6-C465-4FA6-98F9-5CEAC80E2A4D}.Release|Any CPU.ActiveCfg = Release|Any CPU
		{998D9EC6-C465-4FA6-98F9-5CEAC80E2A4D}.Release|Any CPU.Build.0 = Release|Any CPU
		{7F06DED1-DAB0-4D59-8718-98294FC5591B}.Debug|Any CPU.ActiveCfg = Debug|Any CPU
		{7F06DED1-DAB0-4D59-8718-98294FC5591B}.Debug|Any CPU.Build.0 = Debug|Any CPU
		{7F06DED1-DAB0-4D59-8718-98294FC5591B}.Release|Any CPU.ActiveCfg = Release|Any CPU
		{7F06DED1-DAB0-4D59-8718-98294FC5591B}.Release|Any CPU.Build.0 = Release|Any CPU
		{E2BF3D29-E02C-45EE-A09E-735B73A543CB}.Debug|Any CPU.ActiveCfg = Debug|Any CPU
		{E2BF3D29-E02C-45EE-A09E-735B73A543CB}.Debug|Any CPU.Build.0 = Debug|Any CPU
		{E2BF3D29-E02C-45EE-A09E-735B73A543CB}.Release|Any CPU.ActiveCfg = Release|Any CPU
		{E2BF3D29-E02C-45EE-A09E-735B73A543CB}.Release|Any CPU.Build.0 = Release|Any CPU
		{1294D856-6766-4D72-8EFB-57D7D8F40CAB}.Debug|Any CPU.ActiveCfg = Debug|Any CPU
		{1294D856-6766-4D72-8EFB-57D7D8F40CAB}.Debug|Any CPU.Build.0 = Debug|Any CPU
		{1294D856-6766-4D72-8EFB-57D7D8F40CAB}.Release|Any CPU.ActiveCfg = Release|Any CPU
		{1294D856-6766-4D72-8EFB-57D7D8F40CAB}.Release|Any CPU.Build.0 = Release|Any CPU
		{A960C383-1808-4167-BB20-5ACFB535008C}.Debug|Any CPU.ActiveCfg = Debug|Any CPU
		{A960C383-1808-4167-BB20-5ACFB535008C}.Debug|Any CPU.Build.0 = Debug|Any CPU
		{A960C383-1808-4167-BB20-5ACFB535008C}.Release|Any CPU.ActiveCfg = Release|Any CPU
		{A960C383-1808-4167-BB20-5ACFB535008C}.Release|Any CPU.Build.0 = Release|Any CPU
		{2868025D-6634-4671-B936-1599A85DA864}.Debug|Any CPU.ActiveCfg = Debug|Any CPU
		{2868025D-6634-4671-B936-1599A85DA864}.Debug|Any CPU.Build.0 = Debug|Any CPU
		{2868025D-6634-4671-B936-1599A85DA864}.Release|Any CPU.ActiveCfg = Release|Any CPU
		{2868025D-6634-4671-B936-1599A85DA864}.Release|Any CPU.Build.0 = Release|Any CPU
		{323AFE34-AC6B-4447-9F27-B1C5ECAAE8C7}.Debug|Any CPU.ActiveCfg = Debug|Any CPU
		{323AFE34-AC6B-4447-9F27-B1C5ECAAE8C7}.Debug|Any CPU.Build.0 = Debug|Any CPU
		{323AFE34-AC6B-4447-9F27-B1C5ECAAE8C7}.Release|Any CPU.ActiveCfg = Release|Any CPU
		{323AFE34-AC6B-4447-9F27-B1C5ECAAE8C7}.Release|Any CPU.Build.0 = Release|Any CPU
		{DFE4FE0C-3ED4-4C24-92EA-7A92B0AAC0C4}.Debug|Any CPU.ActiveCfg = Debug|Any CPU
		{DFE4FE0C-3ED4-4C24-92EA-7A92B0AAC0C4}.Debug|Any CPU.Build.0 = Debug|Any CPU
		{DFE4FE0C-3ED4-4C24-92EA-7A92B0AAC0C4}.Release|Any CPU.ActiveCfg = Release|Any CPU
		{DFE4FE0C-3ED4-4C24-92EA-7A92B0AAC0C4}.Release|Any CPU.Build.0 = Release|Any CPU
		{5568F303-AC34-4AC4-B5ED-91B218F8BD69}.Debug|Any CPU.ActiveCfg = Debug|Any CPU
		{5568F303-AC34-4AC4-B5ED-91B218F8BD69}.Debug|Any CPU.Build.0 = Debug|Any CPU
		{5568F303-AC34-4AC4-B5ED-91B218F8BD69}.Release|Any CPU.ActiveCfg = Release|Any CPU
		{5568F303-AC34-4AC4-B5ED-91B218F8BD69}.Release|Any CPU.Build.0 = Release|Any CPU
		{BB090101-AB58-456F-9D4D-F1C76305A2CC}.Debug|Any CPU.ActiveCfg = Debug|Any CPU
		{BB090101-AB58-456F-9D4D-F1C76305A2CC}.Debug|Any CPU.Build.0 = Debug|Any CPU
		{BB090101-AB58-456F-9D4D-F1C76305A2CC}.Release|Any CPU.ActiveCfg = Release|Any CPU
		{BB090101-AB58-456F-9D4D-F1C76305A2CC}.Release|Any CPU.Build.0 = Release|Any CPU
		{05D4FDF0-F36B-48CE-9E01-A26EBA3B42FC}.Debug|Any CPU.ActiveCfg = Debug|Any CPU
		{05D4FDF0-F36B-48CE-9E01-A26EBA3B42FC}.Debug|Any CPU.Build.0 = Debug|Any CPU
		{05D4FDF0-F36B-48CE-9E01-A26EBA3B42FC}.Release|Any CPU.ActiveCfg = Release|Any CPU
		{05D4FDF0-F36B-48CE-9E01-A26EBA3B42FC}.Release|Any CPU.Build.0 = Release|Any CPU
		{A56D22BA-CDEA-4AC7-97DB-0D06FBC8A10D}.Debug|Any CPU.ActiveCfg = Debug|Any CPU
		{A56D22BA-CDEA-4AC7-97DB-0D06FBC8A10D}.Debug|Any CPU.Build.0 = Debug|Any CPU
		{A56D22BA-CDEA-4AC7-97DB-0D06FBC8A10D}.Release|Any CPU.ActiveCfg = Release|Any CPU
		{A56D22BA-CDEA-4AC7-97DB-0D06FBC8A10D}.Release|Any CPU.Build.0 = Release|Any CPU
		{A9A8192A-BC1F-43D0-8A46-8C0E6BAE7EF7}.Debug|Any CPU.ActiveCfg = Debug|Any CPU
		{A9A8192A-BC1F-43D0-8A46-8C0E6BAE7EF7}.Debug|Any CPU.Build.0 = Debug|Any CPU
		{A9A8192A-BC1F-43D0-8A46-8C0E6BAE7EF7}.Release|Any CPU.ActiveCfg = Release|Any CPU
		{A9A8192A-BC1F-43D0-8A46-8C0E6BAE7EF7}.Release|Any CPU.Build.0 = Release|Any CPU
		{C123F134-1AE0-45CF-906F-00B0FC0D98AA}.Debug|Any CPU.ActiveCfg = Debug|Any CPU
		{C123F134-1AE0-45CF-906F-00B0FC0D98AA}.Debug|Any CPU.Build.0 = Debug|Any CPU
		{C123F134-1AE0-45CF-906F-00B0FC0D98AA}.Release|Any CPU.ActiveCfg = Release|Any CPU
		{C123F134-1AE0-45CF-906F-00B0FC0D98AA}.Release|Any CPU.Build.0 = Release|Any CPU
		{1BF02245-F8D6-4186-AF72-763F15B5F4E8}.Debug|Any CPU.ActiveCfg = Debug|Any CPU
		{1BF02245-F8D6-4186-AF72-763F15B5F4E8}.Debug|Any CPU.Build.0 = Debug|Any CPU
		{1BF02245-F8D6-4186-AF72-763F15B5F4E8}.Release|Any CPU.ActiveCfg = Release|Any CPU
		{1BF02245-F8D6-4186-AF72-763F15B5F4E8}.Release|Any CPU.Build.0 = Release|Any CPU
		{835C332A-1FA4-4706-95BD-23B90C55096D}.Debug|Any CPU.ActiveCfg = Debug|Any CPU
		{835C332A-1FA4-4706-95BD-23B90C55096D}.Debug|Any CPU.Build.0 = Debug|Any CPU
		{835C332A-1FA4-4706-95BD-23B90C55096D}.Release|Any CPU.ActiveCfg = Release|Any CPU
		{835C332A-1FA4-4706-95BD-23B90C55096D}.Release|Any CPU.Build.0 = Release|Any CPU
		{C269134E-2BAE-431A-AF4E-36D3CA02B160}.Debug|Any CPU.ActiveCfg = Debug|Any CPU
		{C269134E-2BAE-431A-AF4E-36D3CA02B160}.Debug|Any CPU.Build.0 = Debug|Any CPU
		{C269134E-2BAE-431A-AF4E-36D3CA02B160}.Release|Any CPU.ActiveCfg = Release|Any CPU
		{C269134E-2BAE-431A-AF4E-36D3CA02B160}.Release|Any CPU.Build.0 = Release|Any CPU
		{7CFD3F98-073B-4F75-AC60-99DFD291F3FC}.Debug|Any CPU.ActiveCfg = Debug|Any CPU
		{7CFD3F98-073B-4F75-AC60-99DFD291F3FC}.Debug|Any CPU.Build.0 = Debug|Any CPU
		{7CFD3F98-073B-4F75-AC60-99DFD291F3FC}.Release|Any CPU.ActiveCfg = Release|Any CPU
		{7CFD3F98-073B-4F75-AC60-99DFD291F3FC}.Release|Any CPU.Build.0 = Release|Any CPU
		{0A662009-7D9D-423D-B0A1-19EF1EFA15F4}.Debug|Any CPU.ActiveCfg = Debug|Any CPU
		{0A662009-7D9D-423D-B0A1-19EF1EFA15F4}.Debug|Any CPU.Build.0 = Debug|Any CPU
		{0A662009-7D9D-423D-B0A1-19EF1EFA15F4}.Release|Any CPU.ActiveCfg = Release|Any CPU
		{0A662009-7D9D-423D-B0A1-19EF1EFA15F4}.Release|Any CPU.Build.0 = Release|Any CPU
		{969B962F-D8BD-4B8B-BBB7-D24D8EC55FF4}.Debug|Any CPU.ActiveCfg = Debug|Any CPU
		{969B962F-D8BD-4B8B-BBB7-D24D8EC55FF4}.Debug|Any CPU.Build.0 = Debug|Any CPU
		{969B962F-D8BD-4B8B-BBB7-D24D8EC55FF4}.Release|Any CPU.ActiveCfg = Release|Any CPU
		{969B962F-D8BD-4B8B-BBB7-D24D8EC55FF4}.Release|Any CPU.Build.0 = Release|Any CPU
		{1F550225-A922-45C4-B376-4390C7B2652A}.Debug|Any CPU.ActiveCfg = Debug|Any CPU
		{1F550225-A922-45C4-B376-4390C7B2652A}.Debug|Any CPU.Build.0 = Debug|Any CPU
		{1F550225-A922-45C4-B376-4390C7B2652A}.Release|Any CPU.ActiveCfg = Release|Any CPU
		{1F550225-A922-45C4-B376-4390C7B2652A}.Release|Any CPU.Build.0 = Release|Any CPU
		{490DAE55-CD2E-4CA7-A537-E41224D72491}.Debug|Any CPU.ActiveCfg = Debug|Any CPU
		{490DAE55-CD2E-4CA7-A537-E41224D72491}.Debug|Any CPU.Build.0 = Debug|Any CPU
		{490DAE55-CD2E-4CA7-A537-E41224D72491}.Release|Any CPU.ActiveCfg = Release|Any CPU
		{490DAE55-CD2E-4CA7-A537-E41224D72491}.Release|Any CPU.Build.0 = Release|Any CPU
		{53F9AFF9-728B-4B1D-971B-4C912960B59B}.Debug|Any CPU.ActiveCfg = Debug|Any CPU
		{53F9AFF9-728B-4B1D-971B-4C912960B59B}.Debug|Any CPU.Build.0 = Debug|Any CPU
		{53F9AFF9-728B-4B1D-971B-4C912960B59B}.Release|Any CPU.ActiveCfg = Release|Any CPU
		{53F9AFF9-728B-4B1D-971B-4C912960B59B}.Release|Any CPU.Build.0 = Release|Any CPU
		{61D957BB-85DD-4FBB-B342-D3E275EBA0AC}.Debug|Any CPU.ActiveCfg = Debug|Any CPU
		{61D957BB-85DD-4FBB-B342-D3E275EBA0AC}.Debug|Any CPU.Build.0 = Debug|Any CPU
		{61D957BB-85DD-4FBB-B342-D3E275EBA0AC}.Release|Any CPU.ActiveCfg = Release|Any CPU
		{61D957BB-85DD-4FBB-B342-D3E275EBA0AC}.Release|Any CPU.Build.0 = Release|Any CPU
		{09AD22BC-5432-4FD5-9B9B-9FE1306354BB}.Debug|Any CPU.ActiveCfg = Debug|Any CPU
		{09AD22BC-5432-4FD5-9B9B-9FE1306354BB}.Debug|Any CPU.Build.0 = Debug|Any CPU
		{09AD22BC-5432-4FD5-9B9B-9FE1306354BB}.Release|Any CPU.ActiveCfg = Release|Any CPU
		{09AD22BC-5432-4FD5-9B9B-9FE1306354BB}.Release|Any CPU.Build.0 = Release|Any CPU
		{72437B89-A886-4DB7-BD61-17BFAB3487D0}.Debug|Any CPU.ActiveCfg = Debug|Any CPU
		{72437B89-A886-4DB7-BD61-17BFAB3487D0}.Debug|Any CPU.Build.0 = Debug|Any CPU
		{72437B89-A886-4DB7-BD61-17BFAB3487D0}.Release|Any CPU.ActiveCfg = Release|Any CPU
		{72437B89-A886-4DB7-BD61-17BFAB3487D0}.Release|Any CPU.Build.0 = Release|Any CPU
		{191453AF-F895-4B62-BB92-57392B3AFCFD}.Debug|Any CPU.ActiveCfg = Debug|Any CPU
		{191453AF-F895-4B62-BB92-57392B3AFCFD}.Debug|Any CPU.Build.0 = Debug|Any CPU
		{191453AF-F895-4B62-BB92-57392B3AFCFD}.Release|Any CPU.ActiveCfg = Release|Any CPU
		{191453AF-F895-4B62-BB92-57392B3AFCFD}.Release|Any CPU.Build.0 = Release|Any CPU
		{FFE94827-A853-43F7-8903-9E90EC86A25E}.Debug|Any CPU.ActiveCfg = Debug|Any CPU
		{FFE94827-A853-43F7-8903-9E90EC86A25E}.Debug|Any CPU.Build.0 = Debug|Any CPU
		{FFE94827-A853-43F7-8903-9E90EC86A25E}.Release|Any CPU.ActiveCfg = Release|Any CPU
		{FFE94827-A853-43F7-8903-9E90EC86A25E}.Release|Any CPU.Build.0 = Release|Any CPU
		{2FE04E13-0822-4132-B68C-6CCC94A7C58C}.Debug|Any CPU.ActiveCfg = Debug|Any CPU
		{2FE04E13-0822-4132-B68C-6CCC94A7C58C}.Debug|Any CPU.Build.0 = Debug|Any CPU
		{2FE04E13-0822-4132-B68C-6CCC94A7C58C}.Release|Any CPU.ActiveCfg = Release|Any CPU
		{2FE04E13-0822-4132-B68C-6CCC94A7C58C}.Release|Any CPU.Build.0 = Release|Any CPU
		{3C0B09C4-11E0-4CCB-BBBD-7A5A9AA74863}.Debug|Any CPU.ActiveCfg = Debug|Any CPU
		{3C0B09C4-11E0-4CCB-BBBD-7A5A9AA74863}.Debug|Any CPU.Build.0 = Debug|Any CPU
		{3C0B09C4-11E0-4CCB-BBBD-7A5A9AA74863}.Release|Any CPU.ActiveCfg = Release|Any CPU
		{3C0B09C4-11E0-4CCB-BBBD-7A5A9AA74863}.Release|Any CPU.Build.0 = Release|Any CPU
		{7D90F46C-DA9B-4E9F-B47D-6BC867054069}.Debug|Any CPU.ActiveCfg = Debug|Any CPU
		{7D90F46C-DA9B-4E9F-B47D-6BC867054069}.Debug|Any CPU.Build.0 = Debug|Any CPU
		{7D90F46C-DA9B-4E9F-B47D-6BC867054069}.Release|Any CPU.ActiveCfg = Release|Any CPU
		{7D90F46C-DA9B-4E9F-B47D-6BC867054069}.Release|Any CPU.Build.0 = Release|Any CPU
		{8C206A55-D926-4A37-A705-D7C263171B4A}.Debug|Any CPU.ActiveCfg = Debug|Any CPU
		{8C206A55-D926-4A37-A705-D7C263171B4A}.Debug|Any CPU.Build.0 = Debug|Any CPU
		{8C206A55-D926-4A37-A705-D7C263171B4A}.Release|Any CPU.ActiveCfg = Release|Any CPU
		{8C206A55-D926-4A37-A705-D7C263171B4A}.Release|Any CPU.Build.0 = Release|Any CPU
		{DFF7A8E0-2513-4052-8304-E545BDAFC2A5}.Debug|Any CPU.ActiveCfg = Debug|Any CPU
		{DFF7A8E0-2513-4052-8304-E545BDAFC2A5}.Debug|Any CPU.Build.0 = Debug|Any CPU
		{DFF7A8E0-2513-4052-8304-E545BDAFC2A5}.Release|Any CPU.ActiveCfg = Release|Any CPU
		{DFF7A8E0-2513-4052-8304-E545BDAFC2A5}.Release|Any CPU.Build.0 = Release|Any CPU
		{E18F8ED5-F033-4273-8FFC-7641F1977633}.Debug|Any CPU.ActiveCfg = Debug|Any CPU
		{E18F8ED5-F033-4273-8FFC-7641F1977633}.Debug|Any CPU.Build.0 = Debug|Any CPU
		{E18F8ED5-F033-4273-8FFC-7641F1977633}.Release|Any CPU.ActiveCfg = Release|Any CPU
		{E18F8ED5-F033-4273-8FFC-7641F1977633}.Release|Any CPU.Build.0 = Release|Any CPU
		{C323D04F-8482-46E1-8333-A8D58F0FD1F4}.Debug|Any CPU.ActiveCfg = Debug|Any CPU
		{C323D04F-8482-46E1-8333-A8D58F0FD1F4}.Debug|Any CPU.Build.0 = Debug|Any CPU
		{C323D04F-8482-46E1-8333-A8D58F0FD1F4}.Release|Any CPU.ActiveCfg = Release|Any CPU
		{C323D04F-8482-46E1-8333-A8D58F0FD1F4}.Release|Any CPU.Build.0 = Release|Any CPU
		{E4A8F2C2-1A89-4C1F-8265-FE8C312CA59F}.Debug|Any CPU.ActiveCfg = Debug|Any CPU
		{E4A8F2C2-1A89-4C1F-8265-FE8C312CA59F}.Debug|Any CPU.Build.0 = Debug|Any CPU
		{E4A8F2C2-1A89-4C1F-8265-FE8C312CA59F}.Release|Any CPU.ActiveCfg = Release|Any CPU
		{E4A8F2C2-1A89-4C1F-8265-FE8C312CA59F}.Release|Any CPU.Build.0 = Release|Any CPU
		{1BAAE904-BEE7-408F-8C21-B1249E1006F9}.Debug|Any CPU.ActiveCfg = Debug|Any CPU
		{1BAAE904-BEE7-408F-8C21-B1249E1006F9}.Debug|Any CPU.Build.0 = Debug|Any CPU
		{1BAAE904-BEE7-408F-8C21-B1249E1006F9}.Release|Any CPU.ActiveCfg = Release|Any CPU
		{1BAAE904-BEE7-408F-8C21-B1249E1006F9}.Release|Any CPU.Build.0 = Release|Any CPU
		{C6B384BB-C043-4555-966C-4B99CE17DD34}.Debug|Any CPU.ActiveCfg = Debug|Any CPU
		{C6B384BB-C043-4555-966C-4B99CE17DD34}.Debug|Any CPU.Build.0 = Debug|Any CPU
		{C6B384BB-C043-4555-966C-4B99CE17DD34}.Release|Any CPU.ActiveCfg = Release|Any CPU
		{C6B384BB-C043-4555-966C-4B99CE17DD34}.Release|Any CPU.Build.0 = Release|Any CPU
		{3430D132-767E-4FD9-BA80-688857C8AD31}.Debug|Any CPU.ActiveCfg = Debug|Any CPU
		{3430D132-767E-4FD9-BA80-688857C8AD31}.Debug|Any CPU.Build.0 = Debug|Any CPU
		{3430D132-767E-4FD9-BA80-688857C8AD31}.Release|Any CPU.ActiveCfg = Release|Any CPU
		{3430D132-767E-4FD9-BA80-688857C8AD31}.Release|Any CPU.Build.0 = Release|Any CPU
	EndGlobalSection
EndGlobal
