
Microsoft Visual Studio Solution File, Format Version 12.00
# Visual Studio Version 17
VisualStudioVersion = 17.0.31903.59
MinimumVisualStudioVersion = 10.0.40219.1
Project("{FAE04EC0-301F-11D3-BF4B-00C04F79EFBC}") = "H_PrivateMethod", "H_PrivateMethod\H_PrivateMethod.csproj", "{61119CED-7F78-473F-9DB1-B8B603830988}"
EndProject
Project("{FAE04EC0-301F-11D3-BF4B-00C04F79EFBC}") = "Dumper", "Dumper\Dumper.csproj", "{7F3C35E8-953F-4595-9315-22678A976B6B}"
EndProject
Project("{FAE04EC0-301F-11D3-BF4B-00C04F79EFBC}") = "B_Generic2", "B_Generic2\B_Generic2.csproj", "{AFF49A32-E8CE-497E-9B16-D2E8B6FAC145}"
EndProject
Project("{FAE04EC0-301F-11D3-BF4B-00C04F79EFBC}") = "A_Generic", "A_Generic\A_Generic.csproj", "{71974A82-89CE-42F1-B35C-74F65B5A4815}"
EndProject
Project("{FAE04EC0-301F-11D3-BF4B-00C04F79EFBC}") = "C_GenericConstraint", "C_GenericConstraint\C_GenericConstraint.csproj", "{998D9EC6-C465-4FA6-98F9-5CEAC80E2A4D}"
EndProject
Project("{FAE04EC0-301F-11D3-BF4B-00C04F79EFBC}") = "H_MulticastDelegate", "H_MulticastDelegate\H_MulticastDelegate.csproj", "{7F06DED1-DAB0-4D59-8718-98294FC5591B}"
EndProject
Project("{FAE04EC0-301F-11D3-BF4B-00C04F79EFBC}") = "I_DelegateWithReturnValue", "I_DelegateWithReturnValue\I_DelegateWithReturnValue.csproj", "{E2BF3D29-E02C-45EE-A09E-735B73A543CB}"
EndProject
Project("{FAE04EC0-301F-11D3-BF4B-00C04F79EFBC}") = "J_CatchDelegateWithReturn", "J_CatchDelegateWithReturn\J_CatchDelegateWithReturn.csproj", "{1294D856-6766-4D72-8EFB-57D7D8F40CAB}"
EndProject
Project("{FAE04EC0-301F-11D3-BF4B-00C04F79EFBC}") = "GameController", "GameController\GameController.csproj", "{A960C383-1808-4167-BB20-5ACFB535008C}"
EndProject
Project("{FAE04EC0-301F-11D3-BF4B-00C04F79EFBC}") = "ThreadvsTaskvsAsyncAwait", "ThreadvsTaskvsAsyncAwait\ThreadvsTaskvsAsyncAwait.csproj", "{2868025D-6634-4671-B936-1599A85DA864}"
EndProject
Project("{FAE04EC0-301F-11D3-BF4B-00C04F79EFBC}") = "AsynchronousSynchronous", "AsynchronousSynchronous\AsynchronousSynchronous.csproj", "{323AFE34-AC6B-4447-9F27-B1C5ECAAE8C7}"
EndProject
Project("{FAE04EC0-301F-11D3-BF4B-00C04F79EFBC}") = "CompareThreadSleepandAsync", "CompareThreadSleepandAsync\CompareThreadSleepandAsync.csproj", "{DFE4FE0C-3ED4-4C24-92EA-7A92B0AAC0C4}"
EndProject
Project("{FAE04EC0-301F-11D3-BF4B-00C04F79EFBC}") = "I_TaskCreation", "I_TaskCreation\I_TaskCreation.csproj", "{5568F303-AC34-4AC4-B5ED-91B218F8BD69}"
EndProject
Project("{FAE04EC0-301F-11D3-BF4B-00C04F79EFBC}") = "00WithCancellationToken", "00WithCancellationToken\00WithCancellationToken.csproj", "{BB090101-AB58-456F-9D4D-F1C76305A2CC}"
EndProject
Project("{FAE04EC0-301F-11D3-BF4B-00C04F79EFBC}") = "00WithoutCancellationToken", "00WithoutCancellationToken\00WithoutCancellationToken.csproj", "{05D4FDF0-F36B-48CE-9E01-A26EBA3B42FC}"
EndProject
Project("{FAE04EC0-301F-11D3-BF4B-00C04F79EFBC}") = "10DeadLock", "10DeadLock\10DeadLock.csproj", "{A56D22BA-CDEA-4AC7-97DB-0D06FBC8A10D}"
EndProject
Project("{FAE04EC0-301F-11D3-BF4B-00C04F79EFBC}") = "11DeadLock", "11DeadLock\11DeadLock.csproj", "{A9A8192A-BC1F-43D0-8A46-8C0E6BAE7EF7}"
EndProject
Project("{FAE04EC0-301F-11D3-BF4B-00C04F79EFBC}") = "00AsyncFile", "00AsyncFile\00AsyncFile.csproj", "{C123F134-1AE0-45CF-906F-00B0FC0D98AA}"
EndProject
Project("{FAE04EC0-301F-11D3-BF4B-00C04F79EFBC}") = "00Binary", "00Binary\00Binary.csproj", "{1BF02245-F8D6-4186-AF72-763F15B5F4E8}"
EndProject
Project("{FAE04EC0-301F-11D3-BF4B-00C04F79EFBC}") = "00Directory", "00Directory\00Directory.csproj", "{835C332A-1FA4-4706-95BD-23B90C55096D}"
EndProject
Project("{FAE04EC0-301F-11D3-BF4B-00C04F79EFBC}") = "00File", "00File\00File.csproj", "{C269134E-2BAE-431A-AF4E-36D3CA02B160}"
EndProject
Project("{FAE04EC0-301F-11D3-BF4B-00C04F79EFBC}") = "00FileStreamBuffer", "00FileStreamBuffer\00FileStreamBuffer.csproj", "{7CFD3F98-073B-4F75-AC60-99DFD291F3FC}"
EndProject
Project("{FAE04EC0-301F-11D3-BF4B-00C04F79EFBC}") = "A_FileStream", "A_FileStream\A_FileStream.csproj", "{0A662009-7D9D-423D-B0A1-19EF1EFA15F4}"
EndProject
Project("{FAE04EC0-301F-11D3-BF4B-00C04F79EFBC}") = "B_FileStreamOpen", "B_FileStreamOpen\B_FileStreamOpen.csproj", "{969B962F-D8BD-4B8B-BBB7-D24D8EC55FF4}"
EndProject
Project("{FAE04EC0-301F-11D3-BF4B-00C04F79EFBC}") = "B_FileStreamWrite", "B_FileStreamWrite\B_FileStreamWrite.csproj", "{1F550225-A922-45C4-B376-4390C7B2652A}"
EndProject
Project("{FAE04EC0-301F-11D3-BF4B-00C04F79EFBC}") = "C_FileStreamReader", "C_FileStreamReader\C_FileStreamReader.csproj", "{490DAE55-CD2E-4CA7-A537-E41224D72491}"
EndProject
Project("{FAE04EC0-301F-11D3-BF4B-00C04F79EFBC}") = "E_StreamWriter", "E_StreamWriter\E_StreamWriter.csproj", "{53F9AFF9-728B-4B1D-971B-4C912960B59B}"
EndProject
Project("{FAE04EC0-301F-11D3-BF4B-00C04F79EFBC}") = "E_StreamWriterUsing", "E_StreamWriterUsing\E_StreamWriterUsing.csproj", "{61D957BB-85DD-4FBB-B342-D3E275EBA0AC}"
EndProject
Project("{FAE04EC0-301F-11D3-BF4B-00C04F79EFBC}") = "F_StreamReader", "F_StreamReader\F_StreamReader.csproj", "{09AD22BC-5432-4FD5-9B9B-9FE1306354BB}"
EndProject
Project("{FAE04EC0-301F-11D3-BF4B-00C04F79EFBC}") = "F_StreamReaderReadToEnd", "F_StreamReaderReadToEnd\F_StreamReaderReadToEnd.csproj", "{72437B89-A886-4DB7-BD61-17BFAB3487D0}"
EndProject
Project("{FAE04EC0-301F-11D3-BF4B-00C04F79EFBC}") = "G_FileInfo", "G_FileInfo\G_FileInfo.csproj", "{191453AF-F895-4B62-BB92-57392B3AFCFD}"
EndProject
Project("{FAE04EC0-301F-11D3-BF4B-00C04F79EFBC}") = "G_FileInfo_Delete", "G_FileInfo_Delete\G_FileInfo_Delete.csproj", "{FFE94827-A853-43F7-8903-9E90EC86A25E}"
EndProject
Project("{FAE04EC0-301F-11D3-BF4B-00C04F79EFBC}") = "G_FileInfoCreateText", "G_FileInfoCreateText\G_FileInfoCreateText.csproj", "{2FE04E13-0822-4132-B68C-6CCC94A7C58C}"
EndProject
Project("{FAE04EC0-301F-11D3-BF4B-00C04F79EFBC}") = "H_FileInformation", "H_FileInformation\H_FileInformation.csproj", "{3C0B09C4-11E0-4CCB-BBBD-7A5A9AA74863}"
EndProject
Project("{FAE04EC0-301F-11D3-BF4B-00C04F79EFBC}") = "OPT_ComparisonFilevsStream", "OPT_ComparisonFilevsStream\OPT_ComparisonFilevsStream.csproj", "{7D90F46C-DA9B-4E9F-B47D-6BC867054069}"
EndProject
Project("{FAE04EC0-301F-11D3-BF4B-00C04F79EFBC}") = "Trial", "Trial\Trial.csproj", "{8C206A55-D926-4A37-A705-D7C263171B4A}"
EndProject
Project("{FAE04EC0-301F-11D3-BF4B-00C04F79EFBC}") = "01_XMLSerialization", "01_XMLSerialization\01_XMLSerialization.csproj", "{DFF7A8E0-2513-4052-8304-E545BDAFC2A5}"
EndProject
Project("{FAE04EC0-301F-11D3-BF4B-00C04F79EFBC}") = "01a_XMLSerialzation", "01a_XMLSerialzation\01a_XMLSerialzation.csproj", "{E18F8ED5-F033-4273-8FFC-7641F1977633}"
EndProject
Project("{FAE04EC0-301F-11D3-BF4B-00C04F79EFBC}") = "02_JSONSerialization", "02_JSONSerialization\02_JSONSerialization.csproj", "{C323D04F-8482-46E1-8333-A8D58F0FD1F4}"
EndProject
Project("{FAE04EC0-301F-11D3-BF4B-00C04F79EFBC}") = "02a_JSONSerialization", "02a_JSONSerialization\02a_JSONSerialization.csproj", "{E4A8F2C2-1A89-4C1F-8265-FE8C312CA59F}"
EndProject
Project("{FAE04EC0-301F-11D3-BF4B-00C04F79EFBC}") = "DataConstact_With_Formatter", "DataConstact_With_Formatter\DataConstact_With_Formatter.csproj", "{1BAAE904-BEE7-408F-8C21-B1249E1006F9}"
EndProject
Project("{FAE04EC0-301F-11D3-BF4B-00C04F79EFBC}") = "DataConstract", "DataConstract\DataConstract.csproj", "{C6B384BB-C043-4555-966C-4B99CE17DD34}"
EndProject
Project("{FAE04EC0-301F-11D3-BF4B-00C04F79EFBC}") = "DictionaryXML", "DictionaryXML\DictionaryXML.csproj", "{3430D132-767E-4FD9-BA80-688857C8AD31}"
EndProject
Project("{FAE04EC0-301F-11D3-BF4B-00C04F79EFBC}") = "LUDO", "LUDO\LUDO.csproj", "{C9D173DE-D94E-4E4C-A6D4-44BFB696FC15}"
EndProject
Project("{FAE04EC0-301F-11D3-BF4B-00C04F79EFBC}") = "LUDO2", "LUDO2\LUDO2.csproj", "{6473F2AE-728F-4FB2-9C60-AB027326180B}"
EndProject
Project("{FAE04EC0-301F-11D3-BF4B-00C04F79EFBC}") = "LUDO3", "LUDO3\LUDO3.csproj", "{7AD19891-74B4-4351-BB9A-ED82F2185736}"
EndProject
Project("{FAE04EC0-301F-11D3-BF4B-00C04F79EFBC}") = "Ludo4", "Ludo4\Ludo4.csproj", "{8302D33A-156D-4465-B8C4-717821ED7F35}"
EndProject
Project("{FAE04EC0-301F-11D3-BF4B-00C04F79EFBC}") = "00ConsoleLogger", "00ConsoleLogger\00ConsoleLogger.csproj", "{EBA0E9E9-8583-41B5-ADC4-ABDB9398423F}"
EndProject
Project("{FAE04EC0-301F-11D3-BF4B-00C04F79EFBC}") = "00Log4net", "00Log4net\00Log4net.csproj", "{F9E0B430-B9B6-4AE8-B33B-E0B22816BD5D}"
EndProject
Project("{FAE04EC0-301F-11D3-BF4B-00C04F79EFBC}") = "00NLog", "00NLog\00NLog.csproj", "{F3C27F86-58C1-4438-A643-D6F97402F92D}"
EndProject
Project("{FAE04EC0-301F-11D3-BF4B-00C04F79EFBC}") = "RobotArmsNLog", "00NLog\RobotArmsNLog.csproj", "{E59FC0C9-27F8-4EDC-A64D-AF376CE41A25}"
EndProject
Project("{FAE04EC0-301F-11D3-BF4B-00C04F79EFBC}") = "00_NLog", "00_NLog\00_NLog.csproj", "{F48DEB3D-27C6-49BC-BA3F-09339386F231}"
EndProject
Project("{FAE04EC0-301F-11D3-BF4B-00C04F79EFBC}") = "01ConsoleLogger", "01ConsoleLogger\01ConsoleLogger.csproj", "{99E178BB-66DE-4BF8-8332-29AEFE27DA7A}"
EndProject
Project("{FAE04EC0-301F-11D3-BF4B-00C04F79EFBC}") = "01_Log4Net LogLevel", "01Log4Net LogLevel\01_Log4Net LogLevel.csproj", "{84DF6C45-3B7B-4FD6-89C6-F9B493B68CFF}"
EndProject
Project("{FAE04EC0-301F-11D3-BF4B-00C04F79EFBC}") = "01_ImportConfig", "01_ImportConfig\01_ImportConfig.csproj", "{88E06580-F0F2-4F21-8325-F0333621F7B6}"
EndProject
Project("{FAE04EC0-301F-11D3-BF4B-00C04F79EFBC}") = "02_External and Console", "02_External and Console\02_External and Console.csproj", "{318EEC63-756E-4B61-B0DC-4B67A676B14B}"
EndProject
Project("{FAE04EC0-301F-11D3-BF4B-00C04F79EFBC}") = "03_DiffLevel_DiffOut", "03_DiffLevel_DiffOut\03_DiffLevel_DiffOut.csproj", "{C8B49934-06E3-4F45-B82D-F3F6AAAF76D1}"
EndProject
Project("{FAE04EC0-301F-11D3-BF4B-00C04F79EFBC}") = "Calculation", "Calculation\Calculation.csproj", "{A4391966-841C-414F-80BA-7D34B92DB823}"
EndProject
Project("{FAE04EC0-301F-11D3-BF4B-00C04F79EFBC}") = "CalculationTest", "CalculationTest\CalculationTest.csproj", "{9550993F-90AE-44A6-8F3A-DAFA4B9FBFAF}"
EndProject
Project("{FAE04EC0-301F-11D3-BF4B-00C04F79EFBC}") = "CalculationTest2", "CalculationTest2\CalculationTest2.csproj", "{352011F4-A86A-4FC8-81A2-C5E0A39C482E}"
EndProject
Project("{FAE04EC0-301F-11D3-BF4B-00C04F79EFBC}") = "CalculationChecker", "CalculationChecker\CalculationChecker.csproj", "{3139F098-0442-42D1-B690-85F5B808AB67}"
EndProject
Project("{FAE04EC0-301F-11D3-BF4B-00C04F79EFBC}") = "CalculationNUnit", "CalculationNUnit\CalculationNUnit.csproj", "{CC42CBBA-DDB2-475C-BB15-F49F770BB579}"
EndProject
Project("{FAE04EC0-301F-11D3-BF4B-00C04F79EFBC}") = "CalculationNUnit.Test", "CalculationNUnit.Test\CalculationNUnit.Test.csproj", "{BC0AE51B-C7C8-434B-9C0F-EA0421B25840}"
EndProject
Project("{FAE04EC0-301F-11D3-BF4B-00C04F79EFBC}") = "CalculationNUnit.Test2", "CalculationNUnit.Test2\CalculationNUnit.Test2.csproj", "{CB04BBB8-879E-4D16-8895-67E9737F6BF1}"
EndProject
Project("{FAE04EC0-301F-11D3-BF4B-00C04F79EFBC}") = "CalcualtionNUnit.Test3", "CalcualtionNUnit.Test3\CalcualtionNUnit.Test3.csproj", "{06D9A5CC-A8D9-4032-BB1C-D925A41A3F8E}"
EndProject
Project("{FAE04EC0-301F-11D3-BF4B-00C04F79EFBC}") = "Calculation.TT", "Calculation.TT\Calculation.TT.csproj", "{63E82377-5D19-464A-80AD-EFEF13792B60}"
EndProject
Project("{FAE04EC0-301F-11D3-BF4B-00C04F79EFBC}") = "SQL_1", "SQL_1\SQL_1.csproj", "{8F5A2D75-3B1D-4186-9FF5-12B9CA1C2C4F}"
EndProject
Project("{FAE04EC0-301F-11D3-BF4B-00C04F79EFBC}") = "SQL_2", "SQL_2\SQL_2.csproj", "{7F774F80-0840-4553-90A4-F95FE82985D1}"
EndProject
Project("{FAE04EC0-301F-11D3-BF4B-00C04F79EFBC}") = "Ludo41", "Ludo41\Ludo41.csproj", "{497173BD-24DA-4ACB-8178-5A002B0B85A1}"
EndProject
Project("{FAE04EC0-301F-11D3-BF4B-00C04F79EFBC}") = "Ludo43", "Ludo43\Ludo43.csproj", "{E3430CF8-3678-4497-B086-D3094883994A}"
EndProject
Project("{FAE04EC0-301F-11D3-BF4B-00C04F79EFBC}") = "Ludo43.Test", "Ludo42.Test\Ludo42.Test.csproj", "{C928A311-B7D3-43C7-82DB-B61AAA8ACE0D}"
EndProject
Project("{FAE04EC0-301F-11D3-BF4B-00C04F79EFBC}") = "Ludo43.Test", "Ludo43.Test\Ludo43.Test.csproj", "{B2DA29FD-549C-430C-AE62-B9843A3E4E42}"
EndProject
Project("{FAE04EC0-301F-11D3-BF4B-00C04F79EFBC}") = "DesainPattern", "DesainPattern\DesainPattern.csproj", "{B62D5436-5409-4976-B99E-799E3D404574}"
EndProject
Project("{FAE04EC0-301F-11D3-BF4B-00C04F79EFBC}") = "NoDesainPattern", "NoDesainPattern\NoDesainPattern.csproj", "{D26F8B99-F14C-4880-9772-8FB6AE856632}"
EndProject
Global
	GlobalSection(SolutionConfigurationPlatforms) = preSolution
		Debug|Any CPU = Debug|Any CPU
		Release|Any CPU = Release|Any CPU
	EndGlobalSection
	GlobalSection(SolutionProperties) = preSolution
		HideSolutionNode = FALSE
	EndGlobalSection
	GlobalSection(ProjectConfigurationPlatforms) = postSolution
		{61119CED-7F78-473F-9DB1-B8B603830988}.Debug|Any CPU.ActiveCfg = Debug|Any CPU
		{61119CED-7F78-473F-9DB1-B8B603830988}.Debug|Any CPU.Build.0 = Debug|Any CPU
		{61119CED-7F78-473F-9DB1-B8B603830988}.Release|Any CPU.ActiveCfg = Release|Any CPU
		{61119CED-7F78-473F-9DB1-B8B603830988}.Release|Any CPU.Build.0 = Release|Any CPU
		{7F3C35E8-953F-4595-9315-22678A976B6B}.Debug|Any CPU.ActiveCfg = Debug|Any CPU
		{7F3C35E8-953F-4595-9315-22678A976B6B}.Debug|Any CPU.Build.0 = Debug|Any CPU
		{7F3C35E8-953F-4595-9315-22678A976B6B}.Release|Any CPU.ActiveCfg = Release|Any CPU
		{7F3C35E8-953F-4595-9315-22678A976B6B}.Release|Any CPU.Build.0 = Release|Any CPU
		{AFF49A32-E8CE-497E-9B16-D2E8B6FAC145}.Debug|Any CPU.ActiveCfg = Debug|Any CPU
		{AFF49A32-E8CE-497E-9B16-D2E8B6FAC145}.Debug|Any CPU.Build.0 = Debug|Any CPU
		{AFF49A32-E8CE-497E-9B16-D2E8B6FAC145}.Release|Any CPU.ActiveCfg = Release|Any CPU
		{AFF49A32-E8CE-497E-9B16-D2E8B6FAC145}.Release|Any CPU.Build.0 = Release|Any CPU
		{71974A82-89CE-42F1-B35C-74F65B5A4815}.Debug|Any CPU.ActiveCfg = Debug|Any CPU
		{71974A82-89CE-42F1-B35C-74F65B5A4815}.Debug|Any CPU.Build.0 = Debug|Any CPU
		{71974A82-89CE-42F1-B35C-74F65B5A4815}.Release|Any CPU.ActiveCfg = Release|Any CPU
		{71974A82-89CE-42F1-B35C-74F65B5A4815}.Release|Any CPU.Build.0 = Release|Any CPU
		{998D9EC6-C465-4FA6-98F9-5CEAC80E2A4D}.Debug|Any CPU.ActiveCfg = Debug|Any CPU
		{998D9EC6-C465-4FA6-98F9-5CEAC80E2A4D}.Debug|Any CPU.Build.0 = Debug|Any CPU
		{998D9EC6-C465-4FA6-98F9-5CEAC80E2A4D}.Release|Any CPU.ActiveCfg = Release|Any CPU
		{998D9EC6-C465-4FA6-98F9-5CEAC80E2A4D}.Release|Any CPU.Build.0 = Release|Any CPU
		{7F06DED1-DAB0-4D59-8718-98294FC5591B}.Debug|Any CPU.ActiveCfg = Debug|Any CPU
		{7F06DED1-DAB0-4D59-8718-98294FC5591B}.Debug|Any CPU.Build.0 = Debug|Any CPU
		{7F06DED1-DAB0-4D59-8718-98294FC5591B}.Release|Any CPU.ActiveCfg = Release|Any CPU
		{7F06DED1-DAB0-4D59-8718-98294FC5591B}.Release|Any CPU.Build.0 = Release|Any CPU
		{E2BF3D29-E02C-45EE-A09E-735B73A543CB}.Debug|Any CPU.ActiveCfg = Debug|Any CPU
		{E2BF3D29-E02C-45EE-A09E-735B73A543CB}.Debug|Any CPU.Build.0 = Debug|Any CPU
		{E2BF3D29-E02C-45EE-A09E-735B73A543CB}.Release|Any CPU.ActiveCfg = Release|Any CPU
		{E2BF3D29-E02C-45EE-A09E-735B73A543CB}.Release|Any CPU.Build.0 = Release|Any CPU
		{1294D856-6766-4D72-8EFB-57D7D8F40CAB}.Debug|Any CPU.ActiveCfg = Debug|Any CPU
		{1294D856-6766-4D72-8EFB-57D7D8F40CAB}.Debug|Any CPU.Build.0 = Debug|Any CPU
		{1294D856-6766-4D72-8EFB-57D7D8F40CAB}.Release|Any CPU.ActiveCfg = Release|Any CPU
		{1294D856-6766-4D72-8EFB-57D7D8F40CAB}.Release|Any CPU.Build.0 = Release|Any CPU
		{A960C383-1808-4167-BB20-5ACFB535008C}.Debug|Any CPU.ActiveCfg = Debug|Any CPU
		{A960C383-1808-4167-BB20-5ACFB535008C}.Debug|Any CPU.Build.0 = Debug|Any CPU
		{A960C383-1808-4167-BB20-5ACFB535008C}.Release|Any CPU.ActiveCfg = Release|Any CPU
		{A960C383-1808-4167-BB20-5ACFB535008C}.Release|Any CPU.Build.0 = Release|Any CPU
		{2868025D-6634-4671-B936-1599A85DA864}.Debug|Any CPU.ActiveCfg = Debug|Any CPU
		{2868025D-6634-4671-B936-1599A85DA864}.Debug|Any CPU.Build.0 = Debug|Any CPU
		{2868025D-6634-4671-B936-1599A85DA864}.Release|Any CPU.ActiveCfg = Release|Any CPU
		{2868025D-6634-4671-B936-1599A85DA864}.Release|Any CPU.Build.0 = Release|Any CPU
		{323AFE34-AC6B-4447-9F27-B1C5ECAAE8C7}.Debug|Any CPU.ActiveCfg = Debug|Any CPU
		{323AFE34-AC6B-4447-9F27-B1C5ECAAE8C7}.Debug|Any CPU.Build.0 = Debug|Any CPU
		{323AFE34-AC6B-4447-9F27-B1C5ECAAE8C7}.Release|Any CPU.ActiveCfg = Release|Any CPU
		{323AFE34-AC6B-4447-9F27-B1C5ECAAE8C7}.Release|Any CPU.Build.0 = Release|Any CPU
		{DFE4FE0C-3ED4-4C24-92EA-7A92B0AAC0C4}.Debug|Any CPU.ActiveCfg = Debug|Any CPU
		{DFE4FE0C-3ED4-4C24-92EA-7A92B0AAC0C4}.Debug|Any CPU.Build.0 = Debug|Any CPU
		{DFE4FE0C-3ED4-4C24-92EA-7A92B0AAC0C4}.Release|Any CPU.ActiveCfg = Release|Any CPU
		{DFE4FE0C-3ED4-4C24-92EA-7A92B0AAC0C4}.Release|Any CPU.Build.0 = Release|Any CPU
		{5568F303-AC34-4AC4-B5ED-91B218F8BD69}.Debug|Any CPU.ActiveCfg = Debug|Any CPU
		{5568F303-AC34-4AC4-B5ED-91B218F8BD69}.Debug|Any CPU.Build.0 = Debug|Any CPU
		{5568F303-AC34-4AC4-B5ED-91B218F8BD69}.Release|Any CPU.ActiveCfg = Release|Any CPU
		{5568F303-AC34-4AC4-B5ED-91B218F8BD69}.Release|Any CPU.Build.0 = Release|Any CPU
		{BB090101-AB58-456F-9D4D-F1C76305A2CC}.Debug|Any CPU.ActiveCfg = Debug|Any CPU
		{BB090101-AB58-456F-9D4D-F1C76305A2CC}.Debug|Any CPU.Build.0 = Debug|Any CPU
		{BB090101-AB58-456F-9D4D-F1C76305A2CC}.Release|Any CPU.ActiveCfg = Release|Any CPU
		{BB090101-AB58-456F-9D4D-F1C76305A2CC}.Release|Any CPU.Build.0 = Release|Any CPU
		{05D4FDF0-F36B-48CE-9E01-A26EBA3B42FC}.Debug|Any CPU.ActiveCfg = Debug|Any CPU
		{05D4FDF0-F36B-48CE-9E01-A26EBA3B42FC}.Debug|Any CPU.Build.0 = Debug|Any CPU
		{05D4FDF0-F36B-48CE-9E01-A26EBA3B42FC}.Release|Any CPU.ActiveCfg = Release|Any CPU
		{05D4FDF0-F36B-48CE-9E01-A26EBA3B42FC}.Release|Any CPU.Build.0 = Release|Any CPU
		{A56D22BA-CDEA-4AC7-97DB-0D06FBC8A10D}.Debug|Any CPU.ActiveCfg = Debug|Any CPU
		{A56D22BA-CDEA-4AC7-97DB-0D06FBC8A10D}.Debug|Any CPU.Build.0 = Debug|Any CPU
		{A56D22BA-CDEA-4AC7-97DB-0D06FBC8A10D}.Release|Any CPU.ActiveCfg = Release|Any CPU
		{A56D22BA-CDEA-4AC7-97DB-0D06FBC8A10D}.Release|Any CPU.Build.0 = Release|Any CPU
		{A9A8192A-BC1F-43D0-8A46-8C0E6BAE7EF7}.Debug|Any CPU.ActiveCfg = Debug|Any CPU
		{A9A8192A-BC1F-43D0-8A46-8C0E6BAE7EF7}.Debug|Any CPU.Build.0 = Debug|Any CPU
		{A9A8192A-BC1F-43D0-8A46-8C0E6BAE7EF7}.Release|Any CPU.ActiveCfg = Release|Any CPU
		{A9A8192A-BC1F-43D0-8A46-8C0E6BAE7EF7}.Release|Any CPU.Build.0 = Release|Any CPU
		{C123F134-1AE0-45CF-906F-00B0FC0D98AA}.Debug|Any CPU.ActiveCfg = Debug|Any CPU
		{C123F134-1AE0-45CF-906F-00B0FC0D98AA}.Debug|Any CPU.Build.0 = Debug|Any CPU
		{C123F134-1AE0-45CF-906F-00B0FC0D98AA}.Release|Any CPU.ActiveCfg = Release|Any CPU
		{C123F134-1AE0-45CF-906F-00B0FC0D98AA}.Release|Any CPU.Build.0 = Release|Any CPU
		{1BF02245-F8D6-4186-AF72-763F15B5F4E8}.Debug|Any CPU.ActiveCfg = Debug|Any CPU
		{1BF02245-F8D6-4186-AF72-763F15B5F4E8}.Debug|Any CPU.Build.0 = Debug|Any CPU
		{1BF02245-F8D6-4186-AF72-763F15B5F4E8}.Release|Any CPU.ActiveCfg = Release|Any CPU
		{1BF02245-F8D6-4186-AF72-763F15B5F4E8}.Release|Any CPU.Build.0 = Release|Any CPU
		{835C332A-1FA4-4706-95BD-23B90C55096D}.Debug|Any CPU.ActiveCfg = Debug|Any CPU
		{835C332A-1FA4-4706-95BD-23B90C55096D}.Debug|Any CPU.Build.0 = Debug|Any CPU
		{835C332A-1FA4-4706-95BD-23B90C55096D}.Release|Any CPU.ActiveCfg = Release|Any CPU
		{835C332A-1FA4-4706-95BD-23B90C55096D}.Release|Any CPU.Build.0 = Release|Any CPU
		{C269134E-2BAE-431A-AF4E-36D3CA02B160}.Debug|Any CPU.ActiveCfg = Debug|Any CPU
		{C269134E-2BAE-431A-AF4E-36D3CA02B160}.Debug|Any CPU.Build.0 = Debug|Any CPU
		{C269134E-2BAE-431A-AF4E-36D3CA02B160}.Release|Any CPU.ActiveCfg = Release|Any CPU
		{C269134E-2BAE-431A-AF4E-36D3CA02B160}.Release|Any CPU.Build.0 = Release|Any CPU
		{7CFD3F98-073B-4F75-AC60-99DFD291F3FC}.Debug|Any CPU.ActiveCfg = Debug|Any CPU
		{7CFD3F98-073B-4F75-AC60-99DFD291F3FC}.Debug|Any CPU.Build.0 = Debug|Any CPU
		{7CFD3F98-073B-4F75-AC60-99DFD291F3FC}.Release|Any CPU.ActiveCfg = Release|Any CPU
		{7CFD3F98-073B-4F75-AC60-99DFD291F3FC}.Release|Any CPU.Build.0 = Release|Any CPU
		{0A662009-7D9D-423D-B0A1-19EF1EFA15F4}.Debug|Any CPU.ActiveCfg = Debug|Any CPU
		{0A662009-7D9D-423D-B0A1-19EF1EFA15F4}.Debug|Any CPU.Build.0 = Debug|Any CPU
		{0A662009-7D9D-423D-B0A1-19EF1EFA15F4}.Release|Any CPU.ActiveCfg = Release|Any CPU
		{0A662009-7D9D-423D-B0A1-19EF1EFA15F4}.Release|Any CPU.Build.0 = Release|Any CPU
		{969B962F-D8BD-4B8B-BBB7-D24D8EC55FF4}.Debug|Any CPU.ActiveCfg = Debug|Any CPU
		{969B962F-D8BD-4B8B-BBB7-D24D8EC55FF4}.Debug|Any CPU.Build.0 = Debug|Any CPU
		{969B962F-D8BD-4B8B-BBB7-D24D8EC55FF4}.Release|Any CPU.ActiveCfg = Release|Any CPU
		{969B962F-D8BD-4B8B-BBB7-D24D8EC55FF4}.Release|Any CPU.Build.0 = Release|Any CPU
		{1F550225-A922-45C4-B376-4390C7B2652A}.Debug|Any CPU.ActiveCfg = Debug|Any CPU
		{1F550225-A922-45C4-B376-4390C7B2652A}.Debug|Any CPU.Build.0 = Debug|Any CPU
		{1F550225-A922-45C4-B376-4390C7B2652A}.Release|Any CPU.ActiveCfg = Release|Any CPU
		{1F550225-A922-45C4-B376-4390C7B2652A}.Release|Any CPU.Build.0 = Release|Any CPU
		{490DAE55-CD2E-4CA7-A537-E41224D72491}.Debug|Any CPU.ActiveCfg = Debug|Any CPU
		{490DAE55-CD2E-4CA7-A537-E41224D72491}.Debug|Any CPU.Build.0 = Debug|Any CPU
		{490DAE55-CD2E-4CA7-A537-E41224D72491}.Release|Any CPU.ActiveCfg = Release|Any CPU
		{490DAE55-CD2E-4CA7-A537-E41224D72491}.Release|Any CPU.Build.0 = Release|Any CPU
		{53F9AFF9-728B-4B1D-971B-4C912960B59B}.Debug|Any CPU.ActiveCfg = Debug|Any CPU
		{53F9AFF9-728B-4B1D-971B-4C912960B59B}.Debug|Any CPU.Build.0 = Debug|Any CPU
		{53F9AFF9-728B-4B1D-971B-4C912960B59B}.Release|Any CPU.ActiveCfg = Release|Any CPU
		{53F9AFF9-728B-4B1D-971B-4C912960B59B}.Release|Any CPU.Build.0 = Release|Any CPU
		{61D957BB-85DD-4FBB-B342-D3E275EBA0AC}.Debug|Any CPU.ActiveCfg = Debug|Any CPU
		{61D957BB-85DD-4FBB-B342-D3E275EBA0AC}.Debug|Any CPU.Build.0 = Debug|Any CPU
		{61D957BB-85DD-4FBB-B342-D3E275EBA0AC}.Release|Any CPU.ActiveCfg = Release|Any CPU
		{61D957BB-85DD-4FBB-B342-D3E275EBA0AC}.Release|Any CPU.Build.0 = Release|Any CPU
		{09AD22BC-5432-4FD5-9B9B-9FE1306354BB}.Debug|Any CPU.ActiveCfg = Debug|Any CPU
		{09AD22BC-5432-4FD5-9B9B-9FE1306354BB}.Debug|Any CPU.Build.0 = Debug|Any CPU
		{09AD22BC-5432-4FD5-9B9B-9FE1306354BB}.Release|Any CPU.ActiveCfg = Release|Any CPU
		{09AD22BC-5432-4FD5-9B9B-9FE1306354BB}.Release|Any CPU.Build.0 = Release|Any CPU
		{72437B89-A886-4DB7-BD61-17BFAB3487D0}.Debug|Any CPU.ActiveCfg = Debug|Any CPU
		{72437B89-A886-4DB7-BD61-17BFAB3487D0}.Debug|Any CPU.Build.0 = Debug|Any CPU
		{72437B89-A886-4DB7-BD61-17BFAB3487D0}.Release|Any CPU.ActiveCfg = Release|Any CPU
		{72437B89-A886-4DB7-BD61-17BFAB3487D0}.Release|Any CPU.Build.0 = Release|Any CPU
		{191453AF-F895-4B62-BB92-57392B3AFCFD}.Debug|Any CPU.ActiveCfg = Debug|Any CPU
		{191453AF-F895-4B62-BB92-57392B3AFCFD}.Debug|Any CPU.Build.0 = Debug|Any CPU
		{191453AF-F895-4B62-BB92-57392B3AFCFD}.Release|Any CPU.ActiveCfg = Release|Any CPU
		{191453AF-F895-4B62-BB92-57392B3AFCFD}.Release|Any CPU.Build.0 = Release|Any CPU
		{FFE94827-A853-43F7-8903-9E90EC86A25E}.Debug|Any CPU.ActiveCfg = Debug|Any CPU
		{FFE94827-A853-43F7-8903-9E90EC86A25E}.Debug|Any CPU.Build.0 = Debug|Any CPU
		{FFE94827-A853-43F7-8903-9E90EC86A25E}.Release|Any CPU.ActiveCfg = Release|Any CPU
		{FFE94827-A853-43F7-8903-9E90EC86A25E}.Release|Any CPU.Build.0 = Release|Any CPU
		{2FE04E13-0822-4132-B68C-6CCC94A7C58C}.Debug|Any CPU.ActiveCfg = Debug|Any CPU
		{2FE04E13-0822-4132-B68C-6CCC94A7C58C}.Debug|Any CPU.Build.0 = Debug|Any CPU
		{2FE04E13-0822-4132-B68C-6CCC94A7C58C}.Release|Any CPU.ActiveCfg = Release|Any CPU
		{2FE04E13-0822-4132-B68C-6CCC94A7C58C}.Release|Any CPU.Build.0 = Release|Any CPU
		{3C0B09C4-11E0-4CCB-BBBD-7A5A9AA74863}.Debug|Any CPU.ActiveCfg = Debug|Any CPU
		{3C0B09C4-11E0-4CCB-BBBD-7A5A9AA74863}.Debug|Any CPU.Build.0 = Debug|Any CPU
		{3C0B09C4-11E0-4CCB-BBBD-7A5A9AA74863}.Release|Any CPU.ActiveCfg = Release|Any CPU
		{3C0B09C4-11E0-4CCB-BBBD-7A5A9AA74863}.Release|Any CPU.Build.0 = Release|Any CPU
		{7D90F46C-DA9B-4E9F-B47D-6BC867054069}.Debug|Any CPU.ActiveCfg = Debug|Any CPU
		{7D90F46C-DA9B-4E9F-B47D-6BC867054069}.Debug|Any CPU.Build.0 = Debug|Any CPU
		{7D90F46C-DA9B-4E9F-B47D-6BC867054069}.Release|Any CPU.ActiveCfg = Release|Any CPU
		{7D90F46C-DA9B-4E9F-B47D-6BC867054069}.Release|Any CPU.Build.0 = Release|Any CPU
		{8C206A55-D926-4A37-A705-D7C263171B4A}.Debug|Any CPU.ActiveCfg = Debug|Any CPU
		{8C206A55-D926-4A37-A705-D7C263171B4A}.Debug|Any CPU.Build.0 = Debug|Any CPU
		{8C206A55-D926-4A37-A705-D7C263171B4A}.Release|Any CPU.ActiveCfg = Release|Any CPU
		{8C206A55-D926-4A37-A705-D7C263171B4A}.Release|Any CPU.Build.0 = Release|Any CPU
		{DFF7A8E0-2513-4052-8304-E545BDAFC2A5}.Debug|Any CPU.ActiveCfg = Debug|Any CPU
		{DFF7A8E0-2513-4052-8304-E545BDAFC2A5}.Debug|Any CPU.Build.0 = Debug|Any CPU
		{DFF7A8E0-2513-4052-8304-E545BDAFC2A5}.Release|Any CPU.ActiveCfg = Release|Any CPU
		{DFF7A8E0-2513-4052-8304-E545BDAFC2A5}.Release|Any CPU.Build.0 = Release|Any CPU
		{E18F8ED5-F033-4273-8FFC-7641F1977633}.Debug|Any CPU.ActiveCfg = Debug|Any CPU
		{E18F8ED5-F033-4273-8FFC-7641F1977633}.Debug|Any CPU.Build.0 = Debug|Any CPU
		{E18F8ED5-F033-4273-8FFC-7641F1977633}.Release|Any CPU.ActiveCfg = Release|Any CPU
		{E18F8ED5-F033-4273-8FFC-7641F1977633}.Release|Any CPU.Build.0 = Release|Any CPU
		{C323D04F-8482-46E1-8333-A8D58F0FD1F4}.Debug|Any CPU.ActiveCfg = Debug|Any CPU
		{C323D04F-8482-46E1-8333-A8D58F0FD1F4}.Debug|Any CPU.Build.0 = Debug|Any CPU
		{C323D04F-8482-46E1-8333-A8D58F0FD1F4}.Release|Any CPU.ActiveCfg = Release|Any CPU
		{C323D04F-8482-46E1-8333-A8D58F0FD1F4}.Release|Any CPU.Build.0 = Release|Any CPU
		{E4A8F2C2-1A89-4C1F-8265-FE8C312CA59F}.Debug|Any CPU.ActiveCfg = Debug|Any CPU
		{E4A8F2C2-1A89-4C1F-8265-FE8C312CA59F}.Debug|Any CPU.Build.0 = Debug|Any CPU
		{E4A8F2C2-1A89-4C1F-8265-FE8C312CA59F}.Release|Any CPU.ActiveCfg = Release|Any CPU
		{E4A8F2C2-1A89-4C1F-8265-FE8C312CA59F}.Release|Any CPU.Build.0 = Release|Any CPU
		{1BAAE904-BEE7-408F-8C21-B1249E1006F9}.Debug|Any CPU.ActiveCfg = Debug|Any CPU
		{1BAAE904-BEE7-408F-8C21-B1249E1006F9}.Debug|Any CPU.Build.0 = Debug|Any CPU
		{1BAAE904-BEE7-408F-8C21-B1249E1006F9}.Release|Any CPU.ActiveCfg = Release|Any CPU
		{1BAAE904-BEE7-408F-8C21-B1249E1006F9}.Release|Any CPU.Build.0 = Release|Any CPU
		{C6B384BB-C043-4555-966C-4B99CE17DD34}.Debug|Any CPU.ActiveCfg = Debug|Any CPU
		{C6B384BB-C043-4555-966C-4B99CE17DD34}.Debug|Any CPU.Build.0 = Debug|Any CPU
		{C6B384BB-C043-4555-966C-4B99CE17DD34}.Release|Any CPU.ActiveCfg = Release|Any CPU
		{C6B384BB-C043-4555-966C-4B99CE17DD34}.Release|Any CPU.Build.0 = Release|Any CPU
		{3430D132-767E-4FD9-BA80-688857C8AD31}.Debug|Any CPU.ActiveCfg = Debug|Any CPU
		{3430D132-767E-4FD9-BA80-688857C8AD31}.Debug|Any CPU.Build.0 = Debug|Any CPU
		{3430D132-767E-4FD9-BA80-688857C8AD31}.Release|Any CPU.ActiveCfg = Release|Any CPU
		{3430D132-767E-4FD9-BA80-688857C8AD31}.Release|Any CPU.Build.0 = Release|Any CPU
		{C9D173DE-D94E-4E4C-A6D4-44BFB696FC15}.Debug|Any CPU.ActiveCfg = Debug|Any CPU
		{C9D173DE-D94E-4E4C-A6D4-44BFB696FC15}.Debug|Any CPU.Build.0 = Debug|Any CPU
		{C9D173DE-D94E-4E4C-A6D4-44BFB696FC15}.Release|Any CPU.ActiveCfg = Release|Any CPU
		{C9D173DE-D94E-4E4C-A6D4-44BFB696FC15}.Release|Any CPU.Build.0 = Release|Any CPU
		{6473F2AE-728F-4FB2-9C60-AB027326180B}.Debug|Any CPU.ActiveCfg = Debug|Any CPU
		{6473F2AE-728F-4FB2-9C60-AB027326180B}.Debug|Any CPU.Build.0 = Debug|Any CPU
		{6473F2AE-728F-4FB2-9C60-AB027326180B}.Release|Any CPU.ActiveCfg = Release|Any CPU
		{6473F2AE-728F-4FB2-9C60-AB027326180B}.Release|Any CPU.Build.0 = Release|Any CPU
		{7AD19891-74B4-4351-BB9A-ED82F2185736}.Debug|Any CPU.ActiveCfg = Debug|Any CPU
		{7AD19891-74B4-4351-BB9A-ED82F2185736}.Debug|Any CPU.Build.0 = Debug|Any CPU
		{7AD19891-74B4-4351-BB9A-ED82F2185736}.Release|Any CPU.ActiveCfg = Release|Any CPU
		{7AD19891-74B4-4351-BB9A-ED82F2185736}.Release|Any CPU.Build.0 = Release|Any CPU
		{8302D33A-156D-4465-B8C4-717821ED7F35}.Debug|Any CPU.ActiveCfg = Debug|Any CPU
		{8302D33A-156D-4465-B8C4-717821ED7F35}.Debug|Any CPU.Build.0 = Debug|Any CPU
		{8302D33A-156D-4465-B8C4-717821ED7F35}.Release|Any CPU.ActiveCfg = Release|Any CPU
		{8302D33A-156D-4465-B8C4-717821ED7F35}.Release|Any CPU.Build.0 = Release|Any CPU
		{EBA0E9E9-8583-41B5-ADC4-ABDB9398423F}.Debug|Any CPU.ActiveCfg = Debug|Any CPU
		{EBA0E9E9-8583-41B5-ADC4-ABDB9398423F}.Debug|Any CPU.Build.0 = Debug|Any CPU
		{EBA0E9E9-8583-41B5-ADC4-ABDB9398423F}.Release|Any CPU.ActiveCfg = Release|Any CPU
		{EBA0E9E9-8583-41B5-ADC4-ABDB9398423F}.Release|Any CPU.Build.0 = Release|Any CPU
		{F9E0B430-B9B6-4AE8-B33B-E0B22816BD5D}.Debug|Any CPU.ActiveCfg = Debug|Any CPU
		{F9E0B430-B9B6-4AE8-B33B-E0B22816BD5D}.Debug|Any CPU.Build.0 = Debug|Any CPU
		{F9E0B430-B9B6-4AE8-B33B-E0B22816BD5D}.Release|Any CPU.ActiveCfg = Release|Any CPU
		{F9E0B430-B9B6-4AE8-B33B-E0B22816BD5D}.Release|Any CPU.Build.0 = Release|Any CPU
		{F3C27F86-58C1-4438-A643-D6F97402F92D}.Debug|Any CPU.ActiveCfg = Debug|Any CPU
		{F3C27F86-58C1-4438-A643-D6F97402F92D}.Debug|Any CPU.Build.0 = Debug|Any CPU
		{F3C27F86-58C1-4438-A643-D6F97402F92D}.Release|Any CPU.ActiveCfg = Release|Any CPU
		{F3C27F86-58C1-4438-A643-D6F97402F92D}.Release|Any CPU.Build.0 = Release|Any CPU
		{E59FC0C9-27F8-4EDC-A64D-AF376CE41A25}.Debug|Any CPU.ActiveCfg = Debug|Any CPU
		{E59FC0C9-27F8-4EDC-A64D-AF376CE41A25}.Debug|Any CPU.Build.0 = Debug|Any CPU
		{E59FC0C9-27F8-4EDC-A64D-AF376CE41A25}.Release|Any CPU.ActiveCfg = Release|Any CPU
		{E59FC0C9-27F8-4EDC-A64D-AF376CE41A25}.Release|Any CPU.Build.0 = Release|Any CPU
		{F48DEB3D-27C6-49BC-BA3F-09339386F231}.Debug|Any CPU.ActiveCfg = Debug|Any CPU
		{F48DEB3D-27C6-49BC-BA3F-09339386F231}.Debug|Any CPU.Build.0 = Debug|Any CPU
		{F48DEB3D-27C6-49BC-BA3F-09339386F231}.Release|Any CPU.ActiveCfg = Release|Any CPU
		{F48DEB3D-27C6-49BC-BA3F-09339386F231}.Release|Any CPU.Build.0 = Release|Any CPU
		{99E178BB-66DE-4BF8-8332-29AEFE27DA7A}.Debug|Any CPU.ActiveCfg = Debug|Any CPU
		{99E178BB-66DE-4BF8-8332-29AEFE27DA7A}.Debug|Any CPU.Build.0 = Debug|Any CPU
		{99E178BB-66DE-4BF8-8332-29AEFE27DA7A}.Release|Any CPU.ActiveCfg = Release|Any CPU
		{99E178BB-66DE-4BF8-8332-29AEFE27DA7A}.Release|Any CPU.Build.0 = Release|Any CPU
		{84DF6C45-3B7B-4FD6-89C6-F9B493B68CFF}.Debug|Any CPU.ActiveCfg = Debug|Any CPU
		{84DF6C45-3B7B-4FD6-89C6-F9B493B68CFF}.Debug|Any CPU.Build.0 = Debug|Any CPU
		{84DF6C45-3B7B-4FD6-89C6-F9B493B68CFF}.Release|Any CPU.ActiveCfg = Release|Any CPU
		{84DF6C45-3B7B-4FD6-89C6-F9B493B68CFF}.Release|Any CPU.Build.0 = Release|Any CPU
		{88E06580-F0F2-4F21-8325-F0333621F7B6}.Debug|Any CPU.ActiveCfg = Debug|Any CPU
		{88E06580-F0F2-4F21-8325-F0333621F7B6}.Debug|Any CPU.Build.0 = Debug|Any CPU
		{88E06580-F0F2-4F21-8325-F0333621F7B6}.Release|Any CPU.ActiveCfg = Release|Any CPU
		{88E06580-F0F2-4F21-8325-F0333621F7B6}.Release|Any CPU.Build.0 = Release|Any CPU
		{318EEC63-756E-4B61-B0DC-4B67A676B14B}.Debug|Any CPU.ActiveCfg = Debug|Any CPU
		{318EEC63-756E-4B61-B0DC-4B67A676B14B}.Debug|Any CPU.Build.0 = Debug|Any CPU
		{318EEC63-756E-4B61-B0DC-4B67A676B14B}.Release|Any CPU.ActiveCfg = Release|Any CPU
		{318EEC63-756E-4B61-B0DC-4B67A676B14B}.Release|Any CPU.Build.0 = Release|Any CPU
		{C8B49934-06E3-4F45-B82D-F3F6AAAF76D1}.Debug|Any CPU.ActiveCfg = Debug|Any CPU
		{C8B49934-06E3-4F45-B82D-F3F6AAAF76D1}.Debug|Any CPU.Build.0 = Debug|Any CPU
		{C8B49934-06E3-4F45-B82D-F3F6AAAF76D1}.Release|Any CPU.ActiveCfg = Release|Any CPU
		{C8B49934-06E3-4F45-B82D-F3F6AAAF76D1}.Release|Any CPU.Build.0 = Release|Any CPU
		{A4391966-841C-414F-80BA-7D34B92DB823}.Debug|Any CPU.ActiveCfg = Debug|Any CPU
		{A4391966-841C-414F-80BA-7D34B92DB823}.Debug|Any CPU.Build.0 = Debug|Any CPU
		{A4391966-841C-414F-80BA-7D34B92DB823}.Release|Any CPU.ActiveCfg = Release|Any CPU
		{A4391966-841C-414F-80BA-7D34B92DB823}.Release|Any CPU.Build.0 = Release|Any CPU
		{9550993F-90AE-44A6-8F3A-DAFA4B9FBFAF}.Debug|Any CPU.ActiveCfg = Debug|Any CPU
		{9550993F-90AE-44A6-8F3A-DAFA4B9FBFAF}.Debug|Any CPU.Build.0 = Debug|Any CPU
		{9550993F-90AE-44A6-8F3A-DAFA4B9FBFAF}.Release|Any CPU.ActiveCfg = Release|Any CPU
		{9550993F-90AE-44A6-8F3A-DAFA4B9FBFAF}.Release|Any CPU.Build.0 = Release|Any CPU
		{352011F4-A86A-4FC8-81A2-C5E0A39C482E}.Debug|Any CPU.ActiveCfg = Debug|Any CPU
		{352011F4-A86A-4FC8-81A2-C5E0A39C482E}.Debug|Any CPU.Build.0 = Debug|Any CPU
		{352011F4-A86A-4FC8-81A2-C5E0A39C482E}.Release|Any CPU.ActiveCfg = Release|Any CPU
		{352011F4-A86A-4FC8-81A2-C5E0A39C482E}.Release|Any CPU.Build.0 = Release|Any CPU
		{3139F098-0442-42D1-B690-85F5B808AB67}.Debug|Any CPU.ActiveCfg = Debug|Any CPU
		{3139F098-0442-42D1-B690-85F5B808AB67}.Debug|Any CPU.Build.0 = Debug|Any CPU
		{3139F098-0442-42D1-B690-85F5B808AB67}.Release|Any CPU.ActiveCfg = Release|Any CPU
		{3139F098-0442-42D1-B690-85F5B808AB67}.Release|Any CPU.Build.0 = Release|Any CPU
		{CC42CBBA-DDB2-475C-BB15-F49F770BB579}.Debug|Any CPU.ActiveCfg = Debug|Any CPU
		{CC42CBBA-DDB2-475C-BB15-F49F770BB579}.Debug|Any CPU.Build.0 = Debug|Any CPU
		{CC42CBBA-DDB2-475C-BB15-F49F770BB579}.Release|Any CPU.ActiveCfg = Release|Any CPU
		{CC42CBBA-DDB2-475C-BB15-F49F770BB579}.Release|Any CPU.Build.0 = Release|Any CPU
		{BC0AE51B-C7C8-434B-9C0F-EA0421B25840}.Debug|Any CPU.ActiveCfg = Debug|Any CPU
		{BC0AE51B-C7C8-434B-9C0F-EA0421B25840}.Debug|Any CPU.Build.0 = Debug|Any CPU
		{BC0AE51B-C7C8-434B-9C0F-EA0421B25840}.Release|Any CPU.ActiveCfg = Release|Any CPU
		{BC0AE51B-C7C8-434B-9C0F-EA0421B25840}.Release|Any CPU.Build.0 = Release|Any CPU
		{CB04BBB8-879E-4D16-8895-67E9737F6BF1}.Debug|Any CPU.ActiveCfg = Debug|Any CPU
		{CB04BBB8-879E-4D16-8895-67E9737F6BF1}.Debug|Any CPU.Build.0 = Debug|Any CPU
		{CB04BBB8-879E-4D16-8895-67E9737F6BF1}.Release|Any CPU.ActiveCfg = Release|Any CPU
		{CB04BBB8-879E-4D16-8895-67E9737F6BF1}.Release|Any CPU.Build.0 = Release|Any CPU
		{06D9A5CC-A8D9-4032-BB1C-D925A41A3F8E}.Debug|Any CPU.ActiveCfg = Debug|Any CPU
		{06D9A5CC-A8D9-4032-BB1C-D925A41A3F8E}.Debug|Any CPU.Build.0 = Debug|Any CPU
		{06D9A5CC-A8D9-4032-BB1C-D925A41A3F8E}.Release|Any CPU.ActiveCfg = Release|Any CPU
		{06D9A5CC-A8D9-4032-BB1C-D925A41A3F8E}.Release|Any CPU.Build.0 = Release|Any CPU
		{63E82377-5D19-464A-80AD-EFEF13792B60}.Debug|Any CPU.ActiveCfg = Debug|Any CPU
		{63E82377-5D19-464A-80AD-EFEF13792B60}.Debug|Any CPU.Build.0 = Debug|Any CPU
		{63E82377-5D19-464A-80AD-EFEF13792B60}.Release|Any CPU.ActiveCfg = Release|Any CPU
		{63E82377-5D19-464A-80AD-EFEF13792B60}.Release|Any CPU.Build.0 = Release|Any CPU
		{8F5A2D75-3B1D-4186-9FF5-12B9CA1C2C4F}.Debug|Any CPU.ActiveCfg = Debug|Any CPU
		{8F5A2D75-3B1D-4186-9FF5-12B9CA1C2C4F}.Debug|Any CPU.Build.0 = Debug|Any CPU
		{8F5A2D75-3B1D-4186-9FF5-12B9CA1C2C4F}.Release|Any CPU.ActiveCfg = Release|Any CPU
		{8F5A2D75-3B1D-4186-9FF5-12B9CA1C2C4F}.Release|Any CPU.Build.0 = Release|Any CPU
		{7F774F80-0840-4553-90A4-F95FE82985D1}.Debug|Any CPU.ActiveCfg = Debug|Any CPU
		{7F774F80-0840-4553-90A4-F95FE82985D1}.Debug|Any CPU.Build.0 = Debug|Any CPU
		{7F774F80-0840-4553-90A4-F95FE82985D1}.Release|Any CPU.ActiveCfg = Release|Any CPU
		{7F774F80-0840-4553-90A4-F95FE82985D1}.Release|Any CPU.Build.0 = Release|Any CPU
		{497173BD-24DA-4ACB-8178-5A002B0B85A1}.Debug|Any CPU.ActiveCfg = Debug|Any CPU
		{497173BD-24DA-4ACB-8178-5A002B0B85A1}.Debug|Any CPU.Build.0 = Debug|Any CPU
		{497173BD-24DA-4ACB-8178-5A002B0B85A1}.Release|Any CPU.ActiveCfg = Release|Any CPU
		{497173BD-24DA-4ACB-8178-5A002B0B85A1}.Release|Any CPU.Build.0 = Release|Any CPU
		{E3430CF8-3678-4497-B086-D3094883994A}.Debug|Any CPU.ActiveCfg = Debug|Any CPU
		{E3430CF8-3678-4497-B086-D3094883994A}.Debug|Any CPU.Build.0 = Debug|Any CPU
		{E3430CF8-3678-4497-B086-D3094883994A}.Release|Any CPU.ActiveCfg = Release|Any CPU
		{E3430CF8-3678-4497-B086-D3094883994A}.Release|Any CPU.Build.0 = Release|Any CPU
		{C928A311-B7D3-43C7-82DB-B61AAA8ACE0D}.Debug|Any CPU.ActiveCfg = Debug|Any CPU
		{C928A311-B7D3-43C7-82DB-B61AAA8ACE0D}.Debug|Any CPU.Build.0 = Debug|Any CPU
		{C928A311-B7D3-43C7-82DB-B61AAA8ACE0D}.Release|Any CPU.ActiveCfg = Release|Any CPU
		{C928A311-B7D3-43C7-82DB-B61AAA8ACE0D}.Release|Any CPU.Build.0 = Release|Any CPU
		{B2DA29FD-549C-430C-AE62-B9843A3E4E42}.Debug|Any CPU.ActiveCfg = Debug|Any CPU
		{B2DA29FD-549C-430C-AE62-B9843A3E4E42}.Debug|Any CPU.Build.0 = Debug|Any CPU
		{B2DA29FD-549C-430C-AE62-B9843A3E4E42}.Release|Any CPU.ActiveCfg = Release|Any CPU
		{B2DA29FD-549C-430C-AE62-B9843A3E4E42}.Release|Any CPU.Build.0 = Release|Any CPU
		{B62D5436-5409-4976-B99E-799E3D404574}.Debug|Any CPU.ActiveCfg = Debug|Any CPU
		{B62D5436-5409-4976-B99E-799E3D404574}.Debug|Any CPU.Build.0 = Debug|Any CPU
		{B62D5436-5409-4976-B99E-799E3D404574}.Release|Any CPU.ActiveCfg = Release|Any CPU
		{B62D5436-5409-4976-B99E-799E3D404574}.Release|Any CPU.Build.0 = Release|Any CPU
		{D26F8B99-F14C-4880-9772-8FB6AE856632}.Debug|Any CPU.ActiveCfg = Debug|Any CPU
		{D26F8B99-F14C-4880-9772-8FB6AE856632}.Debug|Any CPU.Build.0 = Debug|Any CPU
		{D26F8B99-F14C-4880-9772-8FB6AE856632}.Release|Any CPU.ActiveCfg = Release|Any CPU
		{D26F8B99-F14C-4880-9772-8FB6AE856632}.Release|Any CPU.Build.0 = Release|Any CPU
	EndGlobalSection
EndGlobal
